// !$*UTF8*$!
{
	archiveVersion = 1;
	classes = {
	};
	objectVersion = 55;
	objects = {

/* Begin PBXAggregateTarget section */
		BA3701FEC891C90C6EDE841B /* BazelDependencies */ = {
			isa = PBXAggregateTarget;
			buildConfigurationList = 3B156789BFF2BE65D6A88F14 /* Build configuration list for PBXAggregateTarget "BazelDependencies" */;
			buildPhases = (
				BB6E21A58C2BD6C75C9486BB /* Generate Bazel Dependencies */,
				01FA111BEA7DFBEED1539200 /* Create swift_debug_settings.py */,
			);
			dependencies = (
			);
			name = BazelDependencies;
			productName = BazelDependencies;
		};
/* End PBXAggregateTarget section */

/* Begin PBXBuildFile section */
		03C75603EF8695B948B62432 /* OCModule.m in Sources */ = {isa = PBXBuildFile; fileRef = 2A2CC64F6DDDFFDFE18745EB /* OCModule.m */; };
		2197C3551BD9CDB0276E3FC7 /* SwiftStandard.swift in Sources */ = {isa = PBXBuildFile; fileRef = E88C219B5F7AEB16D9EC3003 /* SwiftStandard.swift */; };
		220D43360A435320E1392B86 /* NSArray+MASAdditions.m in Sources */ = {isa = PBXBuildFile; fileRef = 164A13872D1BEE37967DC872 /* NSArray+MASAdditions.m */; };
		2C94866717F7A9753D62FB55 /* View+MASAdditions.m in Sources */ = {isa = PBXBuildFile; fileRef = D5FF465470BECB43B4A89A55 /* View+MASAdditions.m */; };
		326E7515D62025A3E18BED42 /* main.m in Sources */ = {isa = PBXBuildFile; fileRef = 164CA42008A932ACC1FBE675 /* main.m */; };
		3696D6E4D8A5A892EA7CD2E7 /* MASViewAttribute.m in Sources */ = {isa = PBXBuildFile; fileRef = BCB25C81ACC0DBC5E3BA198C /* MASViewAttribute.m */; };
		395D36B31ADB85328D63CAC4 /* MASConstraintMaker.m in Sources */ = {isa = PBXBuildFile; fileRef = 50D6164253BA3024BA7770CA /* MASConstraintMaker.m */; };
		3DE0DE21815C505B590D6080 /* OBModule.m in Sources */ = {isa = PBXBuildFile; fileRef = B70265EC1E48866BC3363B86 /* OBModule.m */; };
		56159A6C4EBAEC7EAC81163C /* MainViewController.m in Sources */ = {isa = PBXBuildFile; fileRef = 6888846F43431C8C2C2B7AFC /* MainViewController.m */; };
		5B4EF5CB6C6E32A2360A7007 /* NSLayoutConstraint+MASDebugAdditions.m in Sources */ = {isa = PBXBuildFile; fileRef = 96A3708FA07106AECC5592DE /* NSLayoutConstraint+MASDebugAdditions.m */; };
		5B5E39BDF5CD72A57F216BF3 /* ViewController+MASAdditions.m in Sources */ = {isa = PBXBuildFile; fileRef = 9B0C8ECA7111F084D87B4D26 /* ViewController+MASAdditions.m */; };
		5D02A7B3C55898805AB91298 /* AppDelegate.m in Sources */ = {isa = PBXBuildFile; fileRef = 14BDF5B1CF22C7A25DAFF445 /* AppDelegate.m */; };
		85C69987C5CEBC2E7CD1AB1C /* SwiftTableViewController.swift in Sources */ = {isa = PBXBuildFile; fileRef = 1FA1BC1A8F95682F6224178B /* SwiftTableViewController.swift */; };
		9829F19FAF8F9A29D1AFC4BF /* MixOCViewController.m in Sources */ = {isa = PBXBuildFile; fileRef = 172D2D48F16DC595EB58F4C3 /* MixOCViewController.m */; };
		9B1B3CD0C8205AC26D07729D /* MixSwiftViewController.swift in Sources */ = {isa = PBXBuildFile; fileRef = 885B64C56C222871B443CC86 /* MixSwiftViewController.swift */; };
		A03B97137F86BEEFE9A5FF41 /* MASViewConstraint.m in Sources */ = {isa = PBXBuildFile; fileRef = 4E4E5A3B818DAC703B8A761F /* MASViewConstraint.m */; };
		A5860EE1B5986E263A58A9F3 /* MASConstraint.m in Sources */ = {isa = PBXBuildFile; fileRef = 29639DC4A465FC8765972125 /* MASConstraint.m */; };
		AF55D4B399953A9AD3A59BAC /* MASLayoutConstraint.m in Sources */ = {isa = PBXBuildFile; fileRef = 2D2145CB71D0EDFFC3A6D695 /* MASLayoutConstraint.m */; };
		EBF062AACF117F748AAD1105 /* MASCompositeConstraint.m in Sources */ = {isa = PBXBuildFile; fileRef = E5A4CE895C6F502B61221DE0 /* MASCompositeConstraint.m */; };
/* End PBXBuildFile section */

/* Begin PBXContainerItemProxy section */
		0338E98067856EDB60250A70 /* PBXContainerItemProxy */ = {
			isa = PBXContainerItemProxy;
			containerPortal = 885466CA0AD006535711CF5F /* Project object */;
			proxyType = 1;
			remoteGlobalIDString = BA3701FEC891C90C6EDE841B;
			remoteInfo = BazelDependencies;
		};
		BC0EEFA33E205ACD282786F5 /* PBXContainerItemProxy */ = {
			isa = PBXContainerItemProxy;
			containerPortal = 885466CA0AD006535711CF5F /* Project object */;
			proxyType = 1;
			remoteGlobalIDString = BA3701FEC891C90C6EDE841B;
			remoteInfo = BazelDependencies;
		};
		CE42535027F7B25F7A520FDA /* PBXContainerItemProxy */ = {
			isa = PBXContainerItemProxy;
			containerPortal = 885466CA0AD006535711CF5F /* Project object */;
			proxyType = 1;
			remoteGlobalIDString = BA3701FEC891C90C6EDE841B;
			remoteInfo = BazelDependencies;
		};
		D565BA586403BAAFE3384007 /* PBXContainerItemProxy */ = {
			isa = PBXContainerItemProxy;
			containerPortal = 885466CA0AD006535711CF5F /* Project object */;
			proxyType = 1;
			remoteGlobalIDString = BA3701FEC891C90C6EDE841B;
			remoteInfo = BazelDependencies;
		};
		E75B3E755F73AA1F56B8482F /* PBXContainerItemProxy */ = {
			isa = PBXContainerItemProxy;
			containerPortal = 885466CA0AD006535711CF5F /* Project object */;
			proxyType = 1;
			remoteGlobalIDString = BA3701FEC891C90C6EDE841B;
			remoteInfo = BazelDependencies;
		};
		F46AA4C66AFD65E0C267C0F9 /* PBXContainerItemProxy */ = {
			isa = PBXContainerItemProxy;
			containerPortal = 885466CA0AD006535711CF5F /* Project object */;
			proxyType = 1;
			remoteGlobalIDString = BA3701FEC891C90C6EDE841B;
			remoteInfo = BazelDependencies;
		};
/* End PBXContainerItemProxy section */

/* Begin PBXFileReference section */
		0148B6E070C4A7C9A6515B6A /* ViewController+MASAdditions.h */ = {isa = PBXFileReference; lastKnownFileType = sourcecode.c.h; path = "ViewController+MASAdditions.h"; sourceTree = "<group>"; };
		14BDF5B1CF22C7A25DAFF445 /* AppDelegate.m */ = {isa = PBXFileReference; lastKnownFileType = sourcecode.c.objc; path = AppDelegate.m; sourceTree = "<group>"; };
		164A13872D1BEE37967DC872 /* NSArray+MASAdditions.m */ = {isa = PBXFileReference; lastKnownFileType = sourcecode.c.objc; path = "NSArray+MASAdditions.m"; sourceTree = "<group>"; };
		164CA42008A932ACC1FBE675 /* main.m */ = {isa = PBXFileReference; lastKnownFileType = sourcecode.c.objc; path = main.m; sourceTree = "<group>"; };
		172D2D48F16DC595EB58F4C3 /* MixOCViewController.m */ = {isa = PBXFileReference; lastKnownFileType = sourcecode.c.objc; path = MixOCViewController.m; sourceTree = "<group>"; };
		1AE957AE58DAE0CE53B4661A /* OCModule.h */ = {isa = PBXFileReference; lastKnownFileType = sourcecode.c.h; path = OCModule.h; sourceTree = "<group>"; };
		1CDB081AA280605C5D6137DF /* swift_module.rules_xcodeproj.swift.compile.params */ = {isa = PBXFileReference; path = swift_module.rules_xcodeproj.swift.compile.params; sourceTree = "<group>"; };
		1DDA2420273AB58A752E7602 /* NSLayoutConstraint+MASDebugAdditions.h */ = {isa = PBXFileReference; lastKnownFileType = sourcecode.c.h; path = "NSLayoutConstraint+MASDebugAdditions.h"; sourceTree = "<group>"; };
		1FA1BC1A8F95682F6224178B /* SwiftTableViewController.swift */ = {isa = PBXFileReference; lastKnownFileType = sourcecode.swift; path = SwiftTableViewController.swift; sourceTree = "<group>"; };
		1FD9DB14C80995D8767E4CE7 /* HJBZLDemo.app */ = {isa = PBXFileReference; explicitFileType = wrapper.application; includeInIndex = 0; path = HJBZLDemo.app; sourceTree = BUILT_PRODUCTS_DIR; };
		210D649A5727701873C16A76 /* MixModule.h */ = {isa = PBXFileReference; lastKnownFileType = sourcecode.c.h; path = MixModule.h; sourceTree = "<group>"; };
		262366FE716DA5C7D888A6C4 /* NSArray+MASAdditions.h */ = {isa = PBXFileReference; lastKnownFileType = sourcecode.c.h; path = "NSArray+MASAdditions.h"; sourceTree = "<group>"; };
		263814EA175DB13AD71A934F /* mix_module.internal.objc.modulemap */ = {isa = PBXFileReference; lastKnownFileType = "sourcecode.module-map"; path = mix_module.internal.objc.modulemap; sourceTree = "<group>"; };
		27C1789117263946D69DB63D /* Masonry_library.rules_xcodeproj.c.compile.params */ = {isa = PBXFileReference; path = Masonry_library.rules_xcodeproj.c.compile.params; sourceTree = "<group>"; };
		29639DC4A465FC8765972125 /* MASConstraint.m */ = {isa = PBXFileReference; lastKnownFileType = sourcecode.c.objc; path = MASConstraint.m; sourceTree = "<group>"; };
		2A2CC64F6DDDFFDFE18745EB /* OCModule.m */ = {isa = PBXFileReference; lastKnownFileType = sourcecode.c.objc; path = OCModule.m; sourceTree = "<group>"; };
		2D2145CB71D0EDFFC3A6D695 /* MASLayoutConstraint.m */ = {isa = PBXFileReference; lastKnownFileType = sourcecode.c.objc; path = MASLayoutConstraint.m; sourceTree = "<group>"; };
		2DB47D553590D6A069CA6607 /* Masonry_library.rules_xcodeproj.c.compile.params */ = {isa = PBXFileReference; path = Masonry_library.rules_xcodeproj.c.compile.params; sourceTree = "<group>"; };
		30EC70816F3DB582328A3044 /* AppDelegate.h */ = {isa = PBXFileReference; lastKnownFileType = sourcecode.c.h; path = AppDelegate.h; sourceTree = "<group>"; };
		34FC1CB4F4ED1CC90085EEAD /* mix_module.internal.objc.modulemap */ = {isa = PBXFileReference; lastKnownFileType = "sourcecode.module-map"; path = mix_module.internal.objc.modulemap; sourceTree = "<group>"; };
		368700E55C5F2D166A787A55 /* HJBZLDemo.11.link.params */ = {isa = PBXFileReference; path = HJBZLDemo.11.link.params; sourceTree = "<group>"; };
		3D2D77DB62DB0D3E5E61604D /* libMasonry_library.a */ = {isa = PBXFileReference; explicitFileType = "compiled.mach-o.dylib"; includeInIndex = 0; name = libMasonry_library.a; path = "bazel-out/ios-sim_arm64-min13.0-applebin_ios-ios_sim_arm64-dbg-ST-9502b776c2bc/bin/srcs/base/Masonry/libMasonry_library.a"; sourceTree = BUILT_PRODUCTS_DIR; };
		3F4DD636C93E6362C8758695 /* MASViewConstraint.h */ = {isa = PBXFileReference; lastKnownFileType = sourcecode.c.h; path = MASViewConstraint.h; sourceTree = "<group>"; };
		3FD3C877167F99BA0C02FF0D /* Info.plist */ = {isa = PBXFileReference; lastKnownFileType = text.plist; path = Info.plist; sourceTree = "<group>"; };
		406BAEBF7A175E322E8554E8 /* oc_module.rules_xcodeproj.c.compile.params */ = {isa = PBXFileReference; path = oc_module.rules_xcodeproj.c.compile.params; sourceTree = "<group>"; };
		42D842137D580524CF1C171A /* MixModule-Swift.h */ = {isa = PBXFileReference; lastKnownFileType = sourcecode.c.h; path = "MixModule-Swift.h"; sourceTree = "<group>"; };
		48B869765153ADF586051AB1 /* View+MASAdditions.h */ = {isa = PBXFileReference; lastKnownFileType = sourcecode.c.h; path = "View+MASAdditions.h"; sourceTree = "<group>"; };
		4E4E5A3B818DAC703B8A761F /* MASViewConstraint.m */ = {isa = PBXFileReference; lastKnownFileType = sourcecode.c.objc; path = MASViewConstraint.m; sourceTree = "<group>"; };
		50D6164253BA3024BA7770CA /* MASConstraintMaker.m */ = {isa = PBXFileReference; lastKnownFileType = sourcecode.c.objc; path = MASConstraintMaker.m; sourceTree = "<group>"; };
		649A824B6B6549F0580E9E8B /* swift_module.rules_xcodeproj.swift.compile.params */ = {isa = PBXFileReference; path = swift_module.rules_xcodeproj.swift.compile.params; sourceTree = "<group>"; };
		6888846F43431C8C2C2B7AFC /* MainViewController.m */ = {isa = PBXFileReference; lastKnownFileType = sourcecode.c.objc; path = MainViewController.m; sourceTree = "<group>"; };
		6901AB7A4A67607FD0E0BBC6 /* OBModule.h */ = {isa = PBXFileReference; lastKnownFileType = sourcecode.c.h; path = OBModule.h; sourceTree = "<group>"; };
		69A0D0967FE9033E71DCBC66 /* MASLayoutConstraint.h */ = {isa = PBXFileReference; lastKnownFileType = sourcecode.c.h; path = MASLayoutConstraint.h; sourceTree = "<group>"; };
		69DBD6EBAB510293DAE0E3AF /* View+MASShorthandAdditions.h */ = {isa = PBXFileReference; lastKnownFileType = sourcecode.c.h; path = "View+MASShorthandAdditions.h"; sourceTree = "<group>"; };
		6B8CECBD38CF941E2A7F7C34 /* BUILD */ = {isa = PBXFileReference; explicitFileType = text.script.python; path = BUILD; sourceTree = "<group>"; };
		6DFE30802BC0F871CD7A1A60 /* liboc_module.a */ = {isa = PBXFileReference; explicitFileType = "compiled.mach-o.dylib"; includeInIndex = 0; name = liboc_module.a; path = "bazel-out/ios-sim_arm64-min13.0-applebin_ios-ios_sim_arm64-dbg-ST-9502b776c2bc/bin/srcs/OCModule/liboc_module.a"; sourceTree = BUILT_PRODUCTS_DIR; };
		753529D8EEB530859BD32C24 /* mix_module.rules_xcodeproj.c.compile.params */ = {isa = PBXFileReference; path = mix_module.rules_xcodeproj.c.compile.params; sourceTree = "<group>"; };
		7CD720D06DABAC5BB24C458D /* libmix_module.a */ = {isa = PBXFileReference; explicitFileType = "compiled.mach-o.dylib"; includeInIndex = 0; name = libmix_module.a; path = "bazel-out/ios-sim_arm64-min13.0-applebin_ios-ios_sim_arm64-dbg-ST-9502b776c2bc/bin/srcs/MixModule/libmix_module.a"; sourceTree = BUILT_PRODUCTS_DIR; };
		7D44721753BFA04944891F4B /* BUILD */ = {isa = PBXFileReference; explicitFileType = text.script.python; path = BUILD; sourceTree = "<group>"; };
		83FD1454B98033AC90DBAD43 /* MainViewController.h */ = {isa = PBXFileReference; lastKnownFileType = sourcecode.c.h; path = MainViewController.h; sourceTree = "<group>"; };
		885B64C56C222871B443CC86 /* MixSwiftViewController.swift */ = {isa = PBXFileReference; lastKnownFileType = sourcecode.swift; path = MixSwiftViewController.swift; sourceTree = "<group>"; };
		8F7C9613D0A1EDA01BA6F3B9 /* LaunchScreen.storyboard */ = {isa = PBXFileReference; lastKnownFileType = file.storyboard; path = LaunchScreen.storyboard; sourceTree = "<group>"; };
		8FDC0D187655624F7005B391 /* Info.plist */ = {isa = PBXFileReference; lastKnownFileType = text.plist; path = Info.plist; sourceTree = "<group>"; };
		900C977EE5E1F230C5CE24F2 /* oc_module.rules_xcodeproj.c.compile.params */ = {isa = PBXFileReference; path = oc_module.rules_xcodeproj.c.compile.params; sourceTree = "<group>"; };
		95ADBFE23417449EC10BE7C3 /* MASConstraintMaker.h */ = {isa = PBXFileReference; lastKnownFileType = sourcecode.c.h; path = MASConstraintMaker.h; sourceTree = "<group>"; };
		96A3708FA07106AECC5592DE /* NSLayoutConstraint+MASDebugAdditions.m */ = {isa = PBXFileReference; lastKnownFileType = sourcecode.c.objc; path = "NSLayoutConstraint+MASDebugAdditions.m"; sourceTree = "<group>"; };
		9B0C8ECA7111F084D87B4D26 /* ViewController+MASAdditions.m */ = {isa = PBXFileReference; lastKnownFileType = sourcecode.c.objc; path = "ViewController+MASAdditions.m"; sourceTree = "<group>"; };
		A09AEA2B52CBC9373F6FE387 /* MASUtilities.h */ = {isa = PBXFileReference; lastKnownFileType = sourcecode.c.h; path = MASUtilities.h; sourceTree = "<group>"; };
		A78833F9A9C56471888326ED /* mix_module.internal.swift.rules_xcodeproj.swift.compile.params */ = {isa = PBXFileReference; path = mix_module.internal.swift.rules_xcodeproj.swift.compile.params; sourceTree = "<group>"; };
		AAFBDB82F78DCF97318A6549 /* mix_module.rules_xcodeproj.c.compile.params */ = {isa = PBXFileReference; path = mix_module.rules_xcodeproj.c.compile.params; sourceTree = "<group>"; };
		ABBB71FEDE6FE78BD1B3BCCE /* MASViewAttribute.h */ = {isa = PBXFileReference; lastKnownFileType = sourcecode.c.h; path = MASViewAttribute.h; sourceTree = "<group>"; };
		B5D953552362995D7667D422 /* MixModule-Swift.h */ = {isa = PBXFileReference; lastKnownFileType = sourcecode.c.h; path = "MixModule-Swift.h"; sourceTree = "<group>"; };
		B70265EC1E48866BC3363B86 /* OBModule.m */ = {isa = PBXFileReference; lastKnownFileType = sourcecode.c.objc; path = OBModule.m; sourceTree = "<group>"; };
		B77F99C21E42B1B365CBAA86 /* libmix_module.internal.swift.a */ = {isa = PBXFileReference; explicitFileType = "compiled.mach-o.dylib"; includeInIndex = 0; name = libmix_module.internal.swift.a; path = "bazel-out/ios-sim_arm64-min13.0-applebin_ios-ios_sim_arm64-dbg-ST-9502b776c2bc/bin/srcs/MixModule/libmix_module.internal.swift.a"; sourceTree = BUILT_PRODUCTS_DIR; };
		BA97155B7568C9F40E09B987 /* mix_module.internal.umbrella.modulemap */ = {isa = PBXFileReference; lastKnownFileType = "sourcecode.module-map"; path = mix_module.internal.umbrella.modulemap; sourceTree = "<group>"; };
		BCB25C81ACC0DBC5E3BA198C /* MASViewAttribute.m */ = {isa = PBXFileReference; lastKnownFileType = sourcecode.c.objc; path = MASViewAttribute.m; sourceTree = "<group>"; };
		BF86149D4AC5D6B1C6C760DF /* mix_module.internal.swift.rules_xcodeproj.swift.compile.params */ = {isa = PBXFileReference; path = mix_module.internal.swift.rules_xcodeproj.swift.compile.params; sourceTree = "<group>"; };
		C902E09C4251862C5021E826 /* MASCompositeConstraint.h */ = {isa = PBXFileReference; lastKnownFileType = sourcecode.c.h; path = MASCompositeConstraint.h; sourceTree = "<group>"; };
		CBF835A6C3C4C0C3A4D03D2D /* MixOCViewController.h */ = {isa = PBXFileReference; lastKnownFileType = sourcecode.c.h; path = MixOCViewController.h; sourceTree = "<group>"; };
		CC98D37E5E4692B548C79607 /* NSArray+MASShorthandAdditions.h */ = {isa = PBXFileReference; lastKnownFileType = sourcecode.c.h; path = "NSArray+MASShorthandAdditions.h"; sourceTree = "<group>"; };
		CE90AA00130181250B1E82A5 /* MixModule.h */ = {isa = PBXFileReference; lastKnownFileType = sourcecode.c.h; path = MixModule.h; sourceTree = "<group>"; };
		D19E689EAFEBBE0528244B04 /* libswift_module.a */ = {isa = PBXFileReference; explicitFileType = "compiled.mach-o.dylib"; includeInIndex = 0; name = libswift_module.a; path = "bazel-out/ios-sim_arm64-min13.0-applebin_ios-ios_sim_arm64-dbg-ST-9502b776c2bc/bin/srcs/SwiftModule/libswift_module.a"; sourceTree = BUILT_PRODUCTS_DIR; };
		D26675836B67988DD42023FC /* BUILD */ = {isa = PBXFileReference; explicitFileType = text.script.python; path = BUILD; sourceTree = "<group>"; };
		D5FF465470BECB43B4A89A55 /* View+MASAdditions.m */ = {isa = PBXFileReference; lastKnownFileType = sourcecode.c.objc; path = "View+MASAdditions.m"; sourceTree = "<group>"; };
		E433E504341D538DE1E6775B /* MASConstraint+Private.h */ = {isa = PBXFileReference; lastKnownFileType = sourcecode.c.h; path = "MASConstraint+Private.h"; sourceTree = "<group>"; };
		E5A4CE895C6F502B61221DE0 /* MASCompositeConstraint.m */ = {isa = PBXFileReference; lastKnownFileType = sourcecode.c.objc; path = MASCompositeConstraint.m; sourceTree = "<group>"; };
		E6EB4E97910DB1C050075346 /* app-Info.plist */ = {isa = PBXFileReference; lastKnownFileType = text.plist; path = "app-Info.plist"; sourceTree = "<group>"; };
		E88C219B5F7AEB16D9EC3003 /* SwiftStandard.swift */ = {isa = PBXFileReference; lastKnownFileType = sourcecode.swift; path = SwiftStandard.swift; sourceTree = "<group>"; };
		E8CBE2C50A085134C69E1C45 /* Masonry.h */ = {isa = PBXFileReference; lastKnownFileType = sourcecode.c.h; path = Masonry.h; sourceTree = "<group>"; };
		ECDF35DD3C0501FD443066AD /* app.rules_xcodeproj.c.compile.params */ = {isa = PBXFileReference; path = app.rules_xcodeproj.c.compile.params; sourceTree = "<group>"; };
		ED0D3E7A1F12F54FAAE96F5E /* mix_module.internal.umbrella.modulemap */ = {isa = PBXFileReference; lastKnownFileType = "sourcecode.module-map"; path = mix_module.internal.umbrella.modulemap; sourceTree = "<group>"; };
		F0397A5A7449586F7D368597 /* HJBZLDemo.5.link.params */ = {isa = PBXFileReference; path = HJBZLDemo.5.link.params; sourceTree = "<group>"; };
		F1CC3430247E7CC96F28D881 /* MASConstraint.h */ = {isa = PBXFileReference; lastKnownFileType = sourcecode.c.h; path = MASConstraint.h; sourceTree = "<group>"; };
		F2F1B83FD272067DF833F37C /* app.rules_xcodeproj.c.compile.params */ = {isa = PBXFileReference; path = app.rules_xcodeproj.c.compile.params; sourceTree = "<group>"; };
		FA686512B391956ED22EBB5E /* BUILD */ = {isa = PBXFileReference; explicitFileType = text.script.python; path = BUILD; sourceTree = "<group>"; };
		FD4268BB872AFD1C6836FEDB /* BUILD */ = {isa = PBXFileReference; explicitFileType = text.script.python; path = BUILD; sourceTree = "<group>"; };
/* End PBXFileReference section */

/* Begin PBXGroup section */
		0A4D45D997B407A85C748400 /* srcs */ = {
			isa = PBXGroup;
			children = (
				B70265EC1E48866BC3363B86 /* OBModule.m */,
				2A2CC64F6DDDFFDFE18745EB /* OCModule.m */,
			);
			path = srcs;
			sourceTree = "<group>";
		};
		1C4670EF2B1EADAA6A516475 /* OCModule */ = {
			isa = PBXGroup;
			children = (
				9F848C823F792AE3F2FA7701 /* include */,
				0A4D45D997B407A85C748400 /* srcs */,
				D26675836B67988DD42023FC /* BUILD */,
			);
			path = OCModule;
			sourceTree = "<group>";
		};
		213A27AF9D7AE646C1280BCD /* Masonry */ = {
			isa = PBXGroup;
			children = (
				E5A4CE895C6F502B61221DE0 /* MASCompositeConstraint.m */,
				29639DC4A465FC8765972125 /* MASConstraint.m */,
				50D6164253BA3024BA7770CA /* MASConstraintMaker.m */,
				2D2145CB71D0EDFFC3A6D695 /* MASLayoutConstraint.m */,
				BCB25C81ACC0DBC5E3BA198C /* MASViewAttribute.m */,
				4E4E5A3B818DAC703B8A761F /* MASViewConstraint.m */,
				164A13872D1BEE37967DC872 /* NSArray+MASAdditions.m */,
				96A3708FA07106AECC5592DE /* NSLayoutConstraint+MASDebugAdditions.m */,
				D5FF465470BECB43B4A89A55 /* View+MASAdditions.m */,
				9B0C8ECA7111F084D87B4D26 /* ViewController+MASAdditions.m */,
			);
			path = Masonry;
			sourceTree = "<group>";
		};
		2239C79B1BD157F4F74B6ADE /* app */ = {
			isa = PBXGroup;
			children = (
				E6EB4E97910DB1C050075346 /* app-Info.plist */,
				30EC70816F3DB582328A3044 /* AppDelegate.h */,
				14BDF5B1CF22C7A25DAFF445 /* AppDelegate.m */,
				8F7C9613D0A1EDA01BA6F3B9 /* LaunchScreen.storyboard */,
				164CA42008A932ACC1FBE675 /* main.m */,
			);
			path = app;
			sourceTree = "<group>";
		};
		26B583DA79DD88CC385514C6 /* Public */ = {
			isa = PBXGroup;
			children = (
				36F0A387D557D7891A41F09A /* Masonry */,
			);
			path = Public;
			sourceTree = "<group>";
		};
		27CE9D7269912D1D741A92C3 /* SwiftModule */ = {
			isa = PBXGroup;
			children = (
				6B8CECBD38CF941E2A7F7C34 /* BUILD */,
				E88C219B5F7AEB16D9EC3003 /* SwiftStandard.swift */,
				1FA1BC1A8F95682F6224178B /* SwiftTableViewController.swift */,
			);
			path = SwiftModule;
			sourceTree = "<group>";
		};
		312DEA563F29812A090E6787 /* applebin_ios-ios_sim_arm64-dbg-ST-9502b776c2bc */ = {
			isa = PBXGroup;
			children = (
				B45B5BC9EE308D4C8C600C51 /* bin */,
			);
			path = "applebin_ios-ios_sim_arm64-dbg-ST-9502b776c2bc";
			sourceTree = "<group>";
		};
		332BF2469C91B11517C77FD7 /* HJBZLDemo */ = {
			isa = PBXGroup;
			children = (
				8FDC0D187655624F7005B391 /* Info.plist */,
			);
			path = HJBZLDemo;
			sourceTree = "<group>";
		};
		36F0A387D557D7891A41F09A /* Masonry */ = {
			isa = PBXGroup;
			children = (
				C902E09C4251862C5021E826 /* MASCompositeConstraint.h */,
				F1CC3430247E7CC96F28D881 /* MASConstraint.h */,
				E433E504341D538DE1E6775B /* MASConstraint+Private.h */,
				95ADBFE23417449EC10BE7C3 /* MASConstraintMaker.h */,
				69A0D0967FE9033E71DCBC66 /* MASLayoutConstraint.h */,
				E8CBE2C50A085134C69E1C45 /* Masonry.h */,
				A09AEA2B52CBC9373F6FE387 /* MASUtilities.h */,
				ABBB71FEDE6FE78BD1B3BCCE /* MASViewAttribute.h */,
				3F4DD636C93E6362C8758695 /* MASViewConstraint.h */,
				262366FE716DA5C7D888A6C4 /* NSArray+MASAdditions.h */,
				CC98D37E5E4692B548C79607 /* NSArray+MASShorthandAdditions.h */,
				1DDA2420273AB58A752E7602 /* NSLayoutConstraint+MASDebugAdditions.h */,
				48B869765153ADF586051AB1 /* View+MASAdditions.h */,
				69DBD6EBAB510293DAE0E3AF /* View+MASShorthandAdditions.h */,
				0148B6E070C4A7C9A6515B6A /* ViewController+MASAdditions.h */,
			);
			path = Masonry;
			sourceTree = "<group>";
		};
		38F660F1AE40EBE7D1CC626D /* /Users/olinone/Desktop/HJBZLDemo */ = {
			isa = PBXGroup;
			children = (
				2239C79B1BD157F4F74B6ADE /* app */,
				5E52ED05046645D755D9D08D /* srcs */,
				FD4268BB872AFD1C6836FEDB /* BUILD */,
				B6008960E916686EA3B9259D /* Bazel Generated Files */,
				44A2296C7B8131048EB05B61 /* Products */,
				797AA4A65DBD902A43134D85 /* Frameworks */,
			);
			path = /Users/olinone/Desktop/HJBZLDemo;
			sourceTree = "<absolute>";
		};
		390C7289EBD4C6AEE3408060 /* xcodeproj-params */ = {
			isa = PBXGroup;
			children = (
				F0397A5A7449586F7D368597 /* HJBZLDemo.5.link.params */,
				368700E55C5F2D166A787A55 /* HJBZLDemo.11.link.params */,
			);
			path = "xcodeproj-params";
			sourceTree = "<group>";
		};
		3A92923A4982615BA94FC56B /* rules_xcodeproj~1.6.0~internal~rules_xcodeproj_generated */ = {
			isa = PBXGroup;
			children = (
				FCEB55ABD333458C0395F381 /* generator */,
			);
			path = "rules_xcodeproj~1.6.0~internal~rules_xcodeproj_generated";
			sourceTree = "<group>";
		};
		44A2296C7B8131048EB05B61 /* Products */ = {
			isa = PBXGroup;
			children = (
				1FD9DB14C80995D8767E4CE7 /* HJBZLDemo.app */,
				3D2D77DB62DB0D3E5E61604D /* libMasonry_library.a */,
				7CD720D06DABAC5BB24C458D /* libmix_module.a */,
				B77F99C21E42B1B365CBAA86 /* libmix_module.internal.swift.a */,
				6DFE30802BC0F871CD7A1A60 /* liboc_module.a */,
				D19E689EAFEBBE0528244B04 /* libswift_module.a */,
			);
			name = Products;
			sourceTree = "<group>";
		};
		471DFD6D4863C440E24C013E /* OCModule */ = {
			isa = PBXGroup;
			children = (
				6901AB7A4A67607FD0E0BBC6 /* OBModule.h */,
				1AE957AE58DAE0CE53B4661A /* OCModule.h */,
			);
			path = OCModule;
			sourceTree = "<group>";
		};
		4A4F310339DF6B2C8432C0F1 /* SwiftModule */ = {
			isa = PBXGroup;
			children = (
				1CDB081AA280605C5D6137DF /* swift_module.rules_xcodeproj.swift.compile.params */,
			);
			path = SwiftModule;
			sourceTree = "<group>";
		};
		56498448AD8C46E3009A93EA /* MixModule */ = {
			isa = PBXGroup;
			children = (
				83FD1454B98033AC90DBAD43 /* MainViewController.h */,
				CBF835A6C3C4C0C3A4D03D2D /* MixOCViewController.h */,
			);
			path = MixModule;
			sourceTree = "<group>";
		};
		5A9A863167304666B5EF2550 /* rules_xcodeproj */ = {
			isa = PBXGroup;
			children = (
				332BF2469C91B11517C77FD7 /* HJBZLDemo */,
			);
			path = rules_xcodeproj;
			sourceTree = "<group>";
		};
		5B570ED11DD0A0F3344C0508 /* base */ = {
			isa = PBXGroup;
			children = (
				97E9145382A1B48A8232D957 /* Masonry */,
			);
			path = base;
			sourceTree = "<group>";
		};
		5E3F9BFA6ACE46A2B1B830F0 /* HJBZLDemo */ = {
			isa = PBXGroup;
			children = (
				3FD3C877167F99BA0C02FF0D /* Info.plist */,
			);
			path = HJBZLDemo;
			sourceTree = "<group>";
		};
		5E52ED05046645D755D9D08D /* srcs */ = {
			isa = PBXGroup;
			children = (
				D0B7C92D885171918DAD3A3A /* base */,
				B0465241AB8C326B80F6F27B /* MixModule */,
				1C4670EF2B1EADAA6A516475 /* OCModule */,
				27CE9D7269912D1D741A92C3 /* SwiftModule */,
			);
			path = srcs;
			sourceTree = "<group>";
		};
		64D9A21C28AE338DD8E5A8DA /* bin */ = {
			isa = PBXGroup;
			children = (
				D44CE97618C4C3476A380A17 /* srcs */,
				ECDF35DD3C0501FD443066AD /* app.rules_xcodeproj.c.compile.params */,
			);
			path = bin;
			sourceTree = "<group>";
		};
		6896C2ACD40B1AA9EF6E310A /* darwin_arm64-dbg */ = {
			isa = PBXGroup;
			children = (
				E38A53E01477F9F9741C573D /* bin */,
			);
			path = "darwin_arm64-dbg";
			sourceTree = "<group>";
		};
		69D31056FCF127A7E4704F88 /* Masonry */ = {
			isa = PBXGroup;
			children = (
				213A27AF9D7AE646C1280BCD /* Masonry */,
				26B583DA79DD88CC385514C6 /* Public */,
				FA686512B391956ED22EBB5E /* BUILD */,
			);
			path = Masonry;
			sourceTree = "<group>";
		};
		797AA4A65DBD902A43134D85 /* Frameworks */ = {
			isa = PBXGroup;
			children = (
			);
			name = Frameworks;
			sourceTree = "<group>";
		};
		8F371B32E57F58743CDBBCF4 /* xcodeproj */ = {
			isa = PBXGroup;
			children = (
				390C7289EBD4C6AEE3408060 /* xcodeproj-params */,
			);
			path = xcodeproj;
			sourceTree = "<group>";
		};
		919CBDFE4B0B534667831279 /* MixModule */ = {
			isa = PBXGroup;
			children = (
				263814EA175DB13AD71A934F /* mix_module.internal.objc.modulemap */,
				A78833F9A9C56471888326ED /* mix_module.internal.swift.rules_xcodeproj.swift.compile.params */,
				BA97155B7568C9F40E09B987 /* mix_module.internal.umbrella.modulemap */,
				753529D8EEB530859BD32C24 /* mix_module.rules_xcodeproj.c.compile.params */,
				B5D953552362995D7667D422 /* MixModule-Swift.h */,
				210D649A5727701873C16A76 /* MixModule.h */,
			);
			path = MixModule;
			sourceTree = "<group>";
		};
		97E9145382A1B48A8232D957 /* Masonry */ = {
			isa = PBXGroup;
			children = (
				2DB47D553590D6A069CA6607 /* Masonry_library.rules_xcodeproj.c.compile.params */,
			);
			path = Masonry;
			sourceTree = "<group>";
		};
		9DA34054E04F7CFEC858A6F7 /* MixModule */ = {
			isa = PBXGroup;
			children = (
				34FC1CB4F4ED1CC90085EEAD /* mix_module.internal.objc.modulemap */,
				BF86149D4AC5D6B1C6C760DF /* mix_module.internal.swift.rules_xcodeproj.swift.compile.params */,
				ED0D3E7A1F12F54FAAE96F5E /* mix_module.internal.umbrella.modulemap */,
				AAFBDB82F78DCF97318A6549 /* mix_module.rules_xcodeproj.c.compile.params */,
				42D842137D580524CF1C171A /* MixModule-Swift.h */,
				CE90AA00130181250B1E82A5 /* MixModule.h */,
			);
			path = MixModule;
			sourceTree = "<group>";
		};
		9F848C823F792AE3F2FA7701 /* include */ = {
			isa = PBXGroup;
			children = (
				471DFD6D4863C440E24C013E /* OCModule */,
			);
			path = include;
			sourceTree = "<group>";
		};
		A329865DD7B9CE4EB3B21741 /* SwiftModule */ = {
			isa = PBXGroup;
			children = (
				649A824B6B6549F0580E9E8B /* swift_module.rules_xcodeproj.swift.compile.params */,
			);
			path = SwiftModule;
			sourceTree = "<group>";
		};
		B0465241AB8C326B80F6F27B /* MixModule */ = {
			isa = PBXGroup;
			children = (
				C890F64738DD25E8A90305C8 /* include */,
				7D44721753BFA04944891F4B /* BUILD */,
				6888846F43431C8C2C2B7AFC /* MainViewController.m */,
				172D2D48F16DC595EB58F4C3 /* MixOCViewController.m */,
				885B64C56C222871B443CC86 /* MixSwiftViewController.swift */,
			);
			path = MixModule;
			sourceTree = "<group>";
		};
		B099299EBBB8CF1288AF97C2 /* bin */ = {
			isa = PBXGroup;
			children = (
				EEB6F6E45DFA5DAD91AF772E /* rules_xcodeproj */,
			);
			path = bin;
			sourceTree = "<group>";
		};
		B277C2F865961490079F3632 /* bin */ = {
			isa = PBXGroup;
			children = (
				DE454E9B2D062798970480D5 /* srcs */,
				F2F1B83FD272067DF833F37C /* app.rules_xcodeproj.c.compile.params */,
			);
			path = bin;
			sourceTree = "<group>";
		};
		B45B5BC9EE308D4C8C600C51 /* bin */ = {
			isa = PBXGroup;
			children = (
				5A9A863167304666B5EF2550 /* rules_xcodeproj */,
			);
			path = bin;
			sourceTree = "<group>";
		};
		B6008960E916686EA3B9259D /* Bazel Generated Files */ = {
			isa = PBXGroup;
			children = (
				D953D8174188A4B65C06E891 /* applebin_ios-ios_arm64-dbg-ST-d404b8004262 */,
				312DEA563F29812A090E6787 /* applebin_ios-ios_sim_arm64-dbg-ST-9502b776c2bc */,
				6896C2ACD40B1AA9EF6E310A /* darwin_arm64-dbg */,
				C3F49A4C550E10AF3667EBF0 /* ios-arm64-min13.0-applebin_ios-ios_arm64-dbg-ST-d404b8004262 */,
				E9ABA23C04AF0394B55E5FEB /* ios-sim_arm64-min13.0-applebin_ios-ios_sim_arm64-dbg-ST-9502b776c2bc */,
			);
			name = "Bazel Generated Files";
			path = "bazel-out";
			sourceTree = SOURCE_ROOT;
		};
		C3F49A4C550E10AF3667EBF0 /* ios-arm64-min13.0-applebin_ios-ios_arm64-dbg-ST-d404b8004262 */ = {
			isa = PBXGroup;
			children = (
				B277C2F865961490079F3632 /* bin */,
			);
			path = "ios-arm64-min13.0-applebin_ios-ios_arm64-dbg-ST-d404b8004262";
			sourceTree = "<group>";
		};
		C890F64738DD25E8A90305C8 /* include */ = {
			isa = PBXGroup;
			children = (
				56498448AD8C46E3009A93EA /* MixModule */,
			);
			path = include;
			sourceTree = "<group>";
		};
		D0B7C92D885171918DAD3A3A /* base */ = {
			isa = PBXGroup;
			children = (
				69D31056FCF127A7E4704F88 /* Masonry */,
			);
			path = base;
			sourceTree = "<group>";
		};
		D44CE97618C4C3476A380A17 /* srcs */ = {
			isa = PBXGroup;
			children = (
				5B570ED11DD0A0F3344C0508 /* base */,
				919CBDFE4B0B534667831279 /* MixModule */,
				FECC329219A8C122B0C6E7ED /* OCModule */,
				4A4F310339DF6B2C8432C0F1 /* SwiftModule */,
			);
			path = srcs;
			sourceTree = "<group>";
		};
		D8EC29072A6670A5F9F3A640 /* external */ = {
			isa = PBXGroup;
			children = (
				3A92923A4982615BA94FC56B /* rules_xcodeproj~1.6.0~internal~rules_xcodeproj_generated */,
			);
			path = external;
			sourceTree = "<group>";
		};
		D953D8174188A4B65C06E891 /* applebin_ios-ios_arm64-dbg-ST-d404b8004262 */ = {
			isa = PBXGroup;
			children = (
				B099299EBBB8CF1288AF97C2 /* bin */,
			);
			path = "applebin_ios-ios_arm64-dbg-ST-d404b8004262";
			sourceTree = "<group>";
		};
		DD6E2B8D6F9B363C2876F0C5 /* OCModule */ = {
			isa = PBXGroup;
			children = (
				900C977EE5E1F230C5CE24F2 /* oc_module.rules_xcodeproj.c.compile.params */,
			);
			path = OCModule;
			sourceTree = "<group>";
		};
		DE454E9B2D062798970480D5 /* srcs */ = {
			isa = PBXGroup;
			children = (
				E5121D7B110F705AC65C94DD /* base */,
				9DA34054E04F7CFEC858A6F7 /* MixModule */,
				DD6E2B8D6F9B363C2876F0C5 /* OCModule */,
				A329865DD7B9CE4EB3B21741 /* SwiftModule */,
			);
			path = srcs;
			sourceTree = "<group>";
		};
		E38A53E01477F9F9741C573D /* bin */ = {
			isa = PBXGroup;
			children = (
				D8EC29072A6670A5F9F3A640 /* external */,
			);
			path = bin;
			sourceTree = "<group>";
		};
		E5121D7B110F705AC65C94DD /* base */ = {
			isa = PBXGroup;
			children = (
				FFAA970031190DEC5697E2B2 /* Masonry */,
			);
			path = base;
			sourceTree = "<group>";
		};
		E9ABA23C04AF0394B55E5FEB /* ios-sim_arm64-min13.0-applebin_ios-ios_sim_arm64-dbg-ST-9502b776c2bc */ = {
			isa = PBXGroup;
			children = (
				64D9A21C28AE338DD8E5A8DA /* bin */,
			);
			path = "ios-sim_arm64-min13.0-applebin_ios-ios_sim_arm64-dbg-ST-9502b776c2bc";
			sourceTree = "<group>";
		};
		EEB6F6E45DFA5DAD91AF772E /* rules_xcodeproj */ = {
			isa = PBXGroup;
			children = (
				5E3F9BFA6ACE46A2B1B830F0 /* HJBZLDemo */,
			);
			path = rules_xcodeproj;
			sourceTree = "<group>";
		};
		FCEB55ABD333458C0395F381 /* generator */ = {
			isa = PBXGroup;
			children = (
				8F371B32E57F58743CDBBCF4 /* xcodeproj */,
			);
			path = generator;
			sourceTree = "<group>";
		};
		FECC329219A8C122B0C6E7ED /* OCModule */ = {
			isa = PBXGroup;
			children = (
				406BAEBF7A175E322E8554E8 /* oc_module.rules_xcodeproj.c.compile.params */,
			);
			path = OCModule;
			sourceTree = "<group>";
		};
		FFAA970031190DEC5697E2B2 /* Masonry */ = {
			isa = PBXGroup;
			children = (
				27C1789117263946D69DB63D /* Masonry_library.rules_xcodeproj.c.compile.params */,
			);
			path = Masonry;
			sourceTree = "<group>";
		};
/* End PBXGroup section */

/* Begin PBXNativeTarget section */
		05D1CE72DB54F1D4306A95C5 /* Masonry_library */ = {
			isa = PBXNativeTarget;
			buildConfigurationList = 3C3A1AD3B5FAC53FA6243111 /* Build configuration list for PBXNativeTarget "Masonry_library" */;
			buildPhases = (
				CADDE5A12BCBE3E4017B0C80 /* Copy Bazel Outputs / Generate Bazel Dependencies (Index Build) */,
				AA3E158EAC59A9AAF24FF80E /* Create compiling dependencies */,
				8D7193DA6666144399FCE92E /* Sources */,
			);
			buildRules = (
			);
			dependencies = (
				B6DDC2CC5A41539C58E22D72 /* PBXTargetDependency */,
			);
			name = Masonry_library;
			productName = Masonry_library;
			productType = "com.apple.product-type.library.static";
		};
		5B3B55D371C867B2A60217F7 /* swift_module */ = {
			isa = PBXNativeTarget;
			buildConfigurationList = 57E4446538A7B33B0E348376 /* Build configuration list for PBXNativeTarget "swift_module" */;
			buildPhases = (
				D0EAE6FF2E1F6A6CAE90FA7C /* Copy Bazel Outputs / Generate Bazel Dependencies (Index Build) */,
				F809E08C2EFCA20BCD646C72 /* Create compiling dependencies */,
				6002D43B282F40F9E1B7548D /* Sources */,
			);
			buildRules = (
			);
			dependencies = (
				F39C2275BFBE1ADFBFC87F1C /* PBXTargetDependency */,
			);
			name = swift_module;
			productName = swift_module;
			productType = "com.apple.product-type.library.static";
		};
		A3CCDAF04A2CD816CCDA2C11 /* mix_module */ = {
			isa = PBXNativeTarget;
			buildConfigurationList = CE8D784D32DDB85F1D36B501 /* Build configuration list for PBXNativeTarget "mix_module" */;
			buildPhases = (
				03ECB4A655AA3E0285012E63 /* Copy Bazel Outputs / Generate Bazel Dependencies (Index Build) */,
				E7AEDB67AA95421681651451 /* Create compiling dependencies */,
				BDC50FF10EA3ABD20B2B0CE9 /* Sources */,
			);
			buildRules = (
			);
			dependencies = (
				14D6300701A0351F1E3EE3B1 /* PBXTargetDependency */,
			);
			name = mix_module;
			productName = mix_module;
			productType = "com.apple.product-type.library.static";
		};
		C32B25EEB8F4B78A05068562 /* mix_module.internal.swift */ = {
			isa = PBXNativeTarget;
			buildConfigurationList = 99C6170AF9B99878C6618C2F /* Build configuration list for PBXNativeTarget "mix_module.internal.swift" */;
			buildPhases = (
				FD61A39E73C45D48040E6A4C /* Copy Bazel Outputs / Generate Bazel Dependencies (Index Build) */,
				129D1B0F1F122DE31B9D0B97 /* Create compiling dependencies */,
				8C7FDB3063BC464B515D1513 /* Sources */,
			);
			buildRules = (
			);
			dependencies = (
				70E03687272CC7EC12FBC043 /* PBXTargetDependency */,
			);
			name = mix_module.internal.swift;
			productName = mix_module.internal.swift;
			productType = "com.apple.product-type.library.static";
		};
		E0A0FE66BDEE5F6C48C8E9FC /* HJBZLDemo */ = {
			isa = PBXNativeTarget;
			buildConfigurationList = D156F593CCA4C1FAE7647D50 /* Build configuration list for PBXNativeTarget "HJBZLDemo" */;
			buildPhases = (
				5315E0D9BC35AF8CBA9016AB /* Copy Bazel Outputs / Generate Bazel Dependencies (Index Build) */,
				2934054AAB49A1AF9AAE2113 /* Create compiling dependencies */,
				AF2EB09C77D7852591EA7595 /* Create linking dependencies */,
				5857227BC4B736B0C53801B4 /* Sources */,
			);
			buildRules = (
			);
			dependencies = (
				34AAD3F684EADC24DE4855E1 /* PBXTargetDependency */,
			);
			name = HJBZLDemo;
			productName = HJBZLDemo;
			productReference = 1FD9DB14C80995D8767E4CE7 /* HJBZLDemo.app */;
			productType = "com.apple.product-type.application";
		};
		EA240135E70F53392978E566 /* oc_module */ = {
			isa = PBXNativeTarget;
			buildConfigurationList = FD4D0835BAA13C334E6935EE /* Build configuration list for PBXNativeTarget "oc_module" */;
			buildPhases = (
				B92D5E1DA29A7EBE047A9CC8 /* Copy Bazel Outputs / Generate Bazel Dependencies (Index Build) */,
				8ADE660A2123D66E404A698D /* Create compiling dependencies */,
				A58317B87D6450AEA92EB590 /* Sources */,
			);
			buildRules = (
			);
			dependencies = (
				91E492853E9581683D80BEA3 /* PBXTargetDependency */,
			);
			name = oc_module;
			productName = oc_module;
			productType = "com.apple.product-type.library.static";
		};
/* End PBXNativeTarget section */

/* Begin PBXProject section */
		885466CA0AD006535711CF5F /* Project object */ = {
			isa = PBXProject;
			attributes = {
				BuildIndependentTargetsInParallel = 1;
				LastSwiftUpdateCheck = 9999;
				LastUpgradeCheck = 9999;
				TargetAttributes = {
					05D1CE72DB54F1D4306A95C5 = {
						CreatedOnToolsVersion = 14.3.1;
						LastSwiftMigration = 9999;
					};
					5B3B55D371C867B2A60217F7 = {
						CreatedOnToolsVersion = 14.3.1;
						LastSwiftMigration = 9999;
					};
					A3CCDAF04A2CD816CCDA2C11 = {
						CreatedOnToolsVersion = 14.3.1;
						LastSwiftMigration = 9999;
					};
					BA3701FEC891C90C6EDE841B = {
						CreatedOnToolsVersion = 14.3.1;
					};
					C32B25EEB8F4B78A05068562 = {
						CreatedOnToolsVersion = 14.3.1;
						LastSwiftMigration = 9999;
					};
					E0A0FE66BDEE5F6C48C8E9FC = {
						CreatedOnToolsVersion = 14.3.1;
						LastSwiftMigration = 9999;
					};
					EA240135E70F53392978E566 = {
						CreatedOnToolsVersion = 14.3.1;
						LastSwiftMigration = 9999;
					};
				};
			};
			buildConfigurationList = AFEE7706B9A05960AFA97E1F /* Build configuration list for PBXProject "HJBZLDemo" */;
			compatibilityVersion = "Xcode 14.0";
			developmentRegion = en;
			hasScannedForEncodings = 0;
			knownRegions = (
				en,
				Base,
			);
			mainGroup = 38F660F1AE40EBE7D1CC626D /* /Users/olinone/Desktop/HJBZLDemo */;
			productRefGroup = 44A2296C7B8131048EB05B61 /* Products */;
			projectDirPath = /var/tmp/_bazel_olinone/64ecea5e8afafa392ec667dc6e1f069a/rules_xcodeproj.noindex/build_output_base/execroot/_main;
			projectRoot = "";
			targets = (
				BA3701FEC891C90C6EDE841B /* BazelDependencies */,
				E0A0FE66BDEE5F6C48C8E9FC /* HJBZLDemo */,
				05D1CE72DB54F1D4306A95C5 /* Masonry_library */,
				A3CCDAF04A2CD816CCDA2C11 /* mix_module */,
				C32B25EEB8F4B78A05068562 /* mix_module.internal.swift */,
				EA240135E70F53392978E566 /* oc_module */,
				5B3B55D371C867B2A60217F7 /* swift_module */,
			);
		};
/* End PBXProject section */

/* Begin PBXShellScriptBuildPhase section */
		01FA111BEA7DFBEED1539200 /* Create swift_debug_settings.py */ = {
			isa = PBXShellScriptBuildPhase;
			buildActionMask = 2147483647;
			files = (
			);
			inputPaths = (
				"$(BAZEL_INTEGRATION_DIR)/$(CONFIGURATION)-swift_debug_settings.py",
			);
			name = "Create swift_debug_settings.py";
			outputPaths = (
				"$(OBJROOT)/$(CONFIGURATION)/swift_debug_settings.py",
			);
			runOnlyForDeploymentPostprocessing = 0;
			shellPath = /bin/sh;
			shellScript = "perl -pe '\n  # Replace \"__BAZEL_XCODE_DEVELOPER_DIR__\" with \"$(DEVELOPER_DIR)\"\n  s/__BAZEL_XCODE_DEVELOPER_DIR__/\\$(DEVELOPER_DIR)/g;\n\n  # Replace \"__BAZEL_XCODE_SDKROOT__\" with \"$(SDKROOT)\"\n  s/__BAZEL_XCODE_SDKROOT__/\\$(SDKROOT)/g;\n\n  # Replace build settings with their values\n  s/\n    \\$             # Match a dollar sign\n    (\\()?          # Optionally match an opening parenthesis and capture it\n    ([a-zA-Z_]\\w*) # Match a variable name and capture it\n    (?(1)\\))       # If an opening parenthesis was captured, match a closing parenthesis\n  /$ENV{$2}/gx;    # Replace the entire matched string with the value of the corresponding environment variable\n\n' \"$SCRIPT_INPUT_FILE_0\" > \"$SCRIPT_OUTPUT_FILE_0\"\n";
			showEnvVarsInLog = 0;
		};
		03ECB4A655AA3E0285012E63 /* Copy Bazel Outputs / Generate Bazel Dependencies (Index Build) */ = {
			isa = PBXShellScriptBuildPhase;
			alwaysOutOfDate = 1;
			buildActionMask = 2147483647;
			files = (
			);
			inputPaths = (
			);
			name = "Copy Bazel Outputs / Generate Bazel Dependencies (Index Build)";
			outputPaths = (
			);
			runOnlyForDeploymentPostprocessing = 0;
			shellPath = /bin/sh;
			shellScript = "set -euo pipefail\n\nif [[ \"$ACTION\" == \"indexbuild\" ]]; then\n  cd \"$SRCROOT\"\n\n  \"$BAZEL_INTEGRATION_DIR/generate_index_build_bazel_dependencies.sh\"\n\nfi\n";
			showEnvVarsInLog = 0;
		};
		129D1B0F1F122DE31B9D0B97 /* Create compiling dependencies */ = {
			isa = PBXShellScriptBuildPhase;
			buildActionMask = 2147483647;
			files = (
			);
			inputPaths = (
				"$(SWIFT_PARAMS_FILE)",
			);
			name = "Create compiling dependencies";
			outputPaths = (
				"$(DERIVED_FILE_DIR)/swift.compile.params",
			);
			runOnlyForDeploymentPostprocessing = 0;
			shellPath = /bin/sh;
			shellScript = "set -euo pipefail\n\nperl -pe '\n  s/__BAZEL_XCODE_DEVELOPER_DIR__/\\$(DEVELOPER_DIR)/g;\n  s/__BAZEL_XCODE_SDKROOT__/\\$(SDKROOT)/g;\n  s/\\$(\\()?([a-zA-Z_]\\w*)(?(1)\\))/$ENV{$2}/gx;\n' \"$SCRIPT_INPUT_FILE_0\" > \"$SCRIPT_OUTPUT_FILE_0\"";
			showEnvVarsInLog = 0;
		};
		2934054AAB49A1AF9AAE2113 /* Create compiling dependencies */ = {
			isa = PBXShellScriptBuildPhase;
			buildActionMask = 2147483647;
			files = (
			);
			inputPaths = (
				"$(C_PARAMS_FILE)",
			);
			name = "Create compiling dependencies";
			outputPaths = (
				"$(DERIVED_FILE_DIR)/c.compile.params",
			);
			runOnlyForDeploymentPostprocessing = 0;
			shellPath = /bin/sh;
			shellScript = "set -euo pipefail\n\nperl -pe '\n  s/__BAZEL_XCODE_DEVELOPER_DIR__/\\$(DEVELOPER_DIR)/g;\n  s/__BAZEL_XCODE_SDKROOT__/\\$(SDKROOT)/g;\n  s/\\$(\\()?([a-zA-Z_]\\w*)(?(1)\\))/$ENV{$2}/gx;\n' \"$SCRIPT_INPUT_FILE_0\" > \"$SCRIPT_OUTPUT_FILE_0\"";
			showEnvVarsInLog = 0;
		};
		5315E0D9BC35AF8CBA9016AB /* Copy Bazel Outputs / Generate Bazel Dependencies (Index Build) */ = {
			isa = PBXShellScriptBuildPhase;
			alwaysOutOfDate = 1;
			buildActionMask = 2147483647;
			files = (
			);
			inputPaths = (
				"$(TARGET_BUILD_DIR)/$(INFOPLIST_PATH)",
			);
			name = "Copy Bazel Outputs / Generate Bazel Dependencies (Index Build)";
			outputPaths = (
			);
			runOnlyForDeploymentPostprocessing = 0;
			shellPath = /bin/sh;
			shellScript = "set -euo pipefail\n\nif [[ \"$ACTION\" == \"indexbuild\" ]]; then\n  cd \"$SRCROOT\"\n\n  \"$BAZEL_INTEGRATION_DIR/generate_index_build_bazel_dependencies.sh\"\nelse\n  \"$BAZEL_INTEGRATION_DIR/copy_outputs.sh\" \\\n    \"_BazelForcedCompile_.swift\" \\\n    \"HJBZLDemo.app\" \\\n    \"$BAZEL_INTEGRATION_DIR/app.exclude.rsynclist\"\nfi\n";
			showEnvVarsInLog = 0;
		};
		8ADE660A2123D66E404A698D /* Create compiling dependencies */ = {
			isa = PBXShellScriptBuildPhase;
			buildActionMask = 2147483647;
			files = (
			);
			inputPaths = (
				"$(C_PARAMS_FILE)",
			);
			name = "Create compiling dependencies";
			outputPaths = (
				"$(DERIVED_FILE_DIR)/c.compile.params",
			);
			runOnlyForDeploymentPostprocessing = 0;
			shellPath = /bin/sh;
			shellScript = "set -euo pipefail\n\nperl -pe '\n  s/__BAZEL_XCODE_DEVELOPER_DIR__/\\$(DEVELOPER_DIR)/g;\n  s/__BAZEL_XCODE_SDKROOT__/\\$(SDKROOT)/g;\n  s/\\$(\\()?([a-zA-Z_]\\w*)(?(1)\\))/$ENV{$2}/gx;\n' \"$SCRIPT_INPUT_FILE_0\" > \"$SCRIPT_OUTPUT_FILE_0\"";
			showEnvVarsInLog = 0;
		};
		AA3E158EAC59A9AAF24FF80E /* Create compiling dependencies */ = {
			isa = PBXShellScriptBuildPhase;
			buildActionMask = 2147483647;
			files = (
			);
			inputPaths = (
				"$(C_PARAMS_FILE)",
			);
			name = "Create compiling dependencies";
			outputPaths = (
				"$(DERIVED_FILE_DIR)/c.compile.params",
			);
			runOnlyForDeploymentPostprocessing = 0;
			shellPath = /bin/sh;
			shellScript = "set -euo pipefail\n\nperl -pe '\n  s/__BAZEL_XCODE_DEVELOPER_DIR__/\\$(DEVELOPER_DIR)/g;\n  s/__BAZEL_XCODE_SDKROOT__/\\$(SDKROOT)/g;\n  s/\\$(\\()?([a-zA-Z_]\\w*)(?(1)\\))/$ENV{$2}/gx;\n' \"$SCRIPT_INPUT_FILE_0\" > \"$SCRIPT_OUTPUT_FILE_0\"";
			showEnvVarsInLog = 0;
		};
		AF2EB09C77D7852591EA7595 /* Create linking dependencies */ = {
			isa = PBXShellScriptBuildPhase;
			buildActionMask = 2147483647;
			files = (
			);
			inputPaths = (
				"$(LINK_PARAMS_FILE)",
			);
			name = "Create linking dependencies";
			outputPaths = (
				"$(DERIVED_FILE_DIR)/link.params",
			);
			runOnlyForDeploymentPostprocessing = 0;
			shellPath = /bin/sh;
			shellScript = "set -euo pipefail\n\nif [[ \"${ENABLE_PREVIEWS:-}\" == \"YES\" ]]; then\nperl -pe 's/\\$(\\()?([a-zA-Z_]\\w*)(?(1)\\))/$ENV{$2}/g' \\\n  \"$SCRIPT_INPUT_FILE_0\" > \"$SCRIPT_OUTPUT_FILE_0\"\nelse\n  touch \"$SCRIPT_OUTPUT_FILE_0\"\nfi\n";
			showEnvVarsInLog = 0;
		};
		B92D5E1DA29A7EBE047A9CC8 /* Copy Bazel Outputs / Generate Bazel Dependencies (Index Build) */ = {
			isa = PBXShellScriptBuildPhase;
			alwaysOutOfDate = 1;
			buildActionMask = 2147483647;
			files = (
			);
			inputPaths = (
			);
			name = "Copy Bazel Outputs / Generate Bazel Dependencies (Index Build)";
			outputPaths = (
			);
			runOnlyForDeploymentPostprocessing = 0;
			shellPath = /bin/sh;
			shellScript = "set -euo pipefail\n\nif [[ \"$ACTION\" == \"indexbuild\" ]]; then\n  cd \"$SRCROOT\"\n\n  \"$BAZEL_INTEGRATION_DIR/generate_index_build_bazel_dependencies.sh\"\n\nfi\n";
			showEnvVarsInLog = 0;
		};
		BB6E21A58C2BD6C75C9486BB /* Generate Bazel Dependencies */ = {
			isa = PBXShellScriptBuildPhase;
			alwaysOutOfDate = 1;
			buildActionMask = 2147483647;
			files = (
			);
			inputPaths = (
			);
			name = "Generate Bazel Dependencies";
			outputFileListPaths = (
				"$(INTERNAL_DIR)/external.xcfilelist",
				"$(INTERNAL_DIR)/generated.xcfilelist",
			);
			outputPaths = (
			);
			runOnlyForDeploymentPostprocessing = 0;
			shellPath = /bin/sh;
			shellScript = "\"$BAZEL_INTEGRATION_DIR/generate_bazel_dependencies.sh\"\n";
			showEnvVarsInLog = 0;
		};
		CADDE5A12BCBE3E4017B0C80 /* Copy Bazel Outputs / Generate Bazel Dependencies (Index Build) */ = {
			isa = PBXShellScriptBuildPhase;
			alwaysOutOfDate = 1;
			buildActionMask = 2147483647;
			files = (
			);
			inputPaths = (
			);
			name = "Copy Bazel Outputs / Generate Bazel Dependencies (Index Build)";
			outputPaths = (
			);
			runOnlyForDeploymentPostprocessing = 0;
			shellPath = /bin/sh;
			shellScript = "set -euo pipefail\n\nif [[ \"$ACTION\" == \"indexbuild\" ]]; then\n  cd \"$SRCROOT\"\n\n  \"$BAZEL_INTEGRATION_DIR/generate_index_build_bazel_dependencies.sh\"\n\nfi\n";
			showEnvVarsInLog = 0;
		};
		D0EAE6FF2E1F6A6CAE90FA7C /* Copy Bazel Outputs / Generate Bazel Dependencies (Index Build) */ = {
			isa = PBXShellScriptBuildPhase;
			alwaysOutOfDate = 1;
			buildActionMask = 2147483647;
			files = (
			);
			inputPaths = (
			);
			name = "Copy Bazel Outputs / Generate Bazel Dependencies (Index Build)";
			outputPaths = (
			);
			runOnlyForDeploymentPostprocessing = 0;
			shellPath = /bin/sh;
			shellScript = "set -euo pipefail\n\nif [[ \"$ACTION\" == \"indexbuild\" ]]; then\n  cd \"$SRCROOT\"\n\n  \"$BAZEL_INTEGRATION_DIR/generate_index_build_bazel_dependencies.sh\"\n\nfi\n";
			showEnvVarsInLog = 0;
		};
		E7AEDB67AA95421681651451 /* Create compiling dependencies */ = {
			isa = PBXShellScriptBuildPhase;
			buildActionMask = 2147483647;
			files = (
			);
			inputPaths = (
				"$(C_PARAMS_FILE)",
			);
			name = "Create compiling dependencies";
			outputPaths = (
				"$(DERIVED_FILE_DIR)/c.compile.params",
			);
			runOnlyForDeploymentPostprocessing = 0;
			shellPath = /bin/sh;
			shellScript = "set -euo pipefail\n\nperl -pe '\n  s/__BAZEL_XCODE_DEVELOPER_DIR__/\\$(DEVELOPER_DIR)/g;\n  s/__BAZEL_XCODE_SDKROOT__/\\$(SDKROOT)/g;\n  s/\\$(\\()?([a-zA-Z_]\\w*)(?(1)\\))/$ENV{$2}/gx;\n' \"$SCRIPT_INPUT_FILE_0\" > \"$SCRIPT_OUTPUT_FILE_0\"";
			showEnvVarsInLog = 0;
		};
		F809E08C2EFCA20BCD646C72 /* Create compiling dependencies */ = {
			isa = PBXShellScriptBuildPhase;
			buildActionMask = 2147483647;
			files = (
			);
			inputPaths = (
				"$(SWIFT_PARAMS_FILE)",
			);
			name = "Create compiling dependencies";
			outputPaths = (
				"$(DERIVED_FILE_DIR)/swift.compile.params",
			);
			runOnlyForDeploymentPostprocessing = 0;
			shellPath = /bin/sh;
			shellScript = "set -euo pipefail\n\nperl -pe '\n  s/__BAZEL_XCODE_DEVELOPER_DIR__/\\$(DEVELOPER_DIR)/g;\n  s/__BAZEL_XCODE_SDKROOT__/\\$(SDKROOT)/g;\n  s/\\$(\\()?([a-zA-Z_]\\w*)(?(1)\\))/$ENV{$2}/gx;\n' \"$SCRIPT_INPUT_FILE_0\" > \"$SCRIPT_OUTPUT_FILE_0\"";
			showEnvVarsInLog = 0;
		};
		FD61A39E73C45D48040E6A4C /* Copy Bazel Outputs / Generate Bazel Dependencies (Index Build) */ = {
			isa = PBXShellScriptBuildPhase;
			alwaysOutOfDate = 1;
			buildActionMask = 2147483647;
			files = (
			);
			inputPaths = (
			);
			name = "Copy Bazel Outputs / Generate Bazel Dependencies (Index Build)";
			outputPaths = (
			);
			runOnlyForDeploymentPostprocessing = 0;
			shellPath = /bin/sh;
			shellScript = "set -euo pipefail\n\nif [[ \"$ACTION\" == \"indexbuild\" ]]; then\n  cd \"$SRCROOT\"\n\n  \"$BAZEL_INTEGRATION_DIR/generate_index_build_bazel_dependencies.sh\"\n\nfi\n";
			showEnvVarsInLog = 0;
		};
/* End PBXShellScriptBuildPhase section */

/* Begin PBXSourcesBuildPhase section */
		5857227BC4B736B0C53801B4 /* Sources */ = {
			isa = PBXSourcesBuildPhase;
			buildActionMask = 2147483647;
			files = (
				5D02A7B3C55898805AB91298 /* AppDelegate.m in Sources */,
				326E7515D62025A3E18BED42 /* main.m in Sources */,
			);
			runOnlyForDeploymentPostprocessing = 0;
		};
		6002D43B282F40F9E1B7548D /* Sources */ = {
			isa = PBXSourcesBuildPhase;
			buildActionMask = 2147483647;
			files = (
				2197C3551BD9CDB0276E3FC7 /* SwiftStandard.swift in Sources */,
				85C69987C5CEBC2E7CD1AB1C /* SwiftTableViewController.swift in Sources */,
			);
			runOnlyForDeploymentPostprocessing = 0;
		};
		8C7FDB3063BC464B515D1513 /* Sources */ = {
			isa = PBXSourcesBuildPhase;
			buildActionMask = 2147483647;
			files = (
				9B1B3CD0C8205AC26D07729D /* MixSwiftViewController.swift in Sources */,
			);
			runOnlyForDeploymentPostprocessing = 0;
		};
		8D7193DA6666144399FCE92E /* Sources */ = {
			isa = PBXSourcesBuildPhase;
			buildActionMask = 2147483647;
			files = (
				EBF062AACF117F748AAD1105 /* MASCompositeConstraint.m in Sources */,
				A5860EE1B5986E263A58A9F3 /* MASConstraint.m in Sources */,
				395D36B31ADB85328D63CAC4 /* MASConstraintMaker.m in Sources */,
				AF55D4B399953A9AD3A59BAC /* MASLayoutConstraint.m in Sources */,
				3696D6E4D8A5A892EA7CD2E7 /* MASViewAttribute.m in Sources */,
				A03B97137F86BEEFE9A5FF41 /* MASViewConstraint.m in Sources */,
				220D43360A435320E1392B86 /* NSArray+MASAdditions.m in Sources */,
				5B4EF5CB6C6E32A2360A7007 /* NSLayoutConstraint+MASDebugAdditions.m in Sources */,
				2C94866717F7A9753D62FB55 /* View+MASAdditions.m in Sources */,
				5B5E39BDF5CD72A57F216BF3 /* ViewController+MASAdditions.m in Sources */,
			);
			runOnlyForDeploymentPostprocessing = 0;
		};
		A58317B87D6450AEA92EB590 /* Sources */ = {
			isa = PBXSourcesBuildPhase;
			buildActionMask = 2147483647;
			files = (
				3DE0DE21815C505B590D6080 /* OBModule.m in Sources */,
				03C75603EF8695B948B62432 /* OCModule.m in Sources */,
			);
			runOnlyForDeploymentPostprocessing = 0;
		};
		BDC50FF10EA3ABD20B2B0CE9 /* Sources */ = {
			isa = PBXSourcesBuildPhase;
			buildActionMask = 2147483647;
			files = (
				56159A6C4EBAEC7EAC81163C /* MainViewController.m in Sources */,
				9829F19FAF8F9A29D1AFC4BF /* MixOCViewController.m in Sources */,
			);
			runOnlyForDeploymentPostprocessing = 0;
		};
/* End PBXSourcesBuildPhase section */

/* Begin PBXTargetDependency section */
		14D6300701A0351F1E3EE3B1 /* PBXTargetDependency */ = {
			isa = PBXTargetDependency;
			name = BazelDependencies;
			target = BA3701FEC891C90C6EDE841B /* BazelDependencies */;
			targetProxy = F46AA4C66AFD65E0C267C0F9 /* PBXContainerItemProxy */;
		};
		34AAD3F684EADC24DE4855E1 /* PBXTargetDependency */ = {
			isa = PBXTargetDependency;
			name = BazelDependencies;
			target = BA3701FEC891C90C6EDE841B /* BazelDependencies */;
			targetProxy = E75B3E755F73AA1F56B8482F /* PBXContainerItemProxy */;
		};
		70E03687272CC7EC12FBC043 /* PBXTargetDependency */ = {
			isa = PBXTargetDependency;
			name = BazelDependencies;
			target = BA3701FEC891C90C6EDE841B /* BazelDependencies */;
			targetProxy = D565BA586403BAAFE3384007 /* PBXContainerItemProxy */;
		};
		91E492853E9581683D80BEA3 /* PBXTargetDependency */ = {
			isa = PBXTargetDependency;
			name = BazelDependencies;
			target = BA3701FEC891C90C6EDE841B /* BazelDependencies */;
			targetProxy = 0338E98067856EDB60250A70 /* PBXContainerItemProxy */;
		};
		B6DDC2CC5A41539C58E22D72 /* PBXTargetDependency */ = {
			isa = PBXTargetDependency;
			name = BazelDependencies;
			target = BA3701FEC891C90C6EDE841B /* BazelDependencies */;
			targetProxy = BC0EEFA33E205ACD282786F5 /* PBXContainerItemProxy */;
		};
		F39C2275BFBE1ADFBFC87F1C /* PBXTargetDependency */ = {
			isa = PBXTargetDependency;
			name = BazelDependencies;
			target = BA3701FEC891C90C6EDE841B /* BazelDependencies */;
			targetProxy = CE42535027F7B25F7A520FDA /* PBXContainerItemProxy */;
		};
/* End PBXTargetDependency section */

/* Begin XCBuildConfiguration section */
		01AD73B63DE9C70C4DD624F5 /* Debug */ = {
			isa = XCBuildConfiguration;
			buildSettings = {
				ARCHS = arm64;
				ASAN_OTHER_CFLAGS__ = "$(ASAN_OTHER_CFLAGS__NO)";
				ASAN_OTHER_CFLAGS__NO = "-working-directory=$(PROJECT_DIR) -ivfsoverlay $(OBJROOT)/bazel-out-overlay.yaml @$(DERIVED_FILE_DIR)/c.compile.params";
				ASAN_OTHER_CFLAGS__YES = (
					"$(ASAN_OTHER_CFLAGS__NO)",
					"-Wno-macro-redefined",
					"-D_FORTIFY_SOURCE=0",
				);
				BAZEL_LABEL = "@@//srcs/base/Masonry:Masonry_library";
				BAZEL_PACKAGE_BIN_DIR = "bazel-out/ios-sim_arm64-min13.0-applebin_ios-ios_sim_arm64-dbg-ST-9502b776c2bc/bin/srcs/base/Masonry";
				"BAZEL_PACKAGE_BIN_DIR[sdk=iphoneos*]" = "bazel-out/ios-arm64-min13.0-applebin_ios-ios_arm64-dbg-ST-d404b8004262/bin/srcs/base/Masonry";
				BAZEL_TARGET_ID = "@@//srcs/base/Masonry:Masonry_library ios-sim_arm64-min13.0-applebin_ios-ios_sim_arm64-dbg-ST-9502b776c2bc";
				"BAZEL_TARGET_ID[sdk=iphoneos*]" = "@@//srcs/base/Masonry:Masonry_library ios-arm64-min13.0-applebin_ios-ios_arm64-dbg-ST-d404b8004262";
				"BAZEL_TARGET_ID[sdk=iphonesimulator*]" = "$(BAZEL_TARGET_ID)";
				COMPILE_TARGET_NAME = Masonry_library;
				C_PARAMS_FILE = "$(CURRENT_EXECUTION_ROOT)/bazel-out/ios-sim_arm64-min13.0-applebin_ios-ios_sim_arm64-dbg-ST-9502b776c2bc/bin/srcs/base/Masonry/Masonry_library.rules_xcodeproj.c.compile.params";
				"C_PARAMS_FILE[sdk=iphoneos*]" = "$(CURRENT_EXECUTION_ROOT)/bazel-out/ios-arm64-min13.0-applebin_ios-ios_arm64-dbg-ST-d404b8004262/bin/srcs/base/Masonry/Masonry_library.rules_xcodeproj.c.compile.params";
				IPHONEOS_DEPLOYMENT_TARGET = 13.0;
				OTHER_CFLAGS = "$(ASAN_OTHER_CFLAGS__$(CLANG_ADDRESS_SANITIZER))";
				PRODUCT_MODULE_NAME = Masonry;
				PRODUCT_NAME = Masonry_library;
				SDKROOT = iphoneos;
				SUPPORTED_PLATFORMS = "iphonesimulator iphoneos";
				SUPPORTS_MAC_DESIGNED_FOR_IPHONE_IPAD = YES;
				TARGET_NAME = Masonry_library;
			};
			name = Debug;
		};
		22BC47AA4DCEC31F67C1EA7D /* Debug */ = {
			isa = XCBuildConfiguration;
			buildSettings = {
				BAZEL_PACKAGE_BIN_DIR = rules_xcodeproj;
				CALCULATE_OUTPUT_GROUPS_SCRIPT = "$(BAZEL_INTEGRATION_DIR)/calculate_output_groups.py";
				INDEXING_SUPPORTED_PLATFORMS__ = "$(INDEXING_SUPPORTED_PLATFORMS__NO)";
				INDEXING_SUPPORTED_PLATFORMS__NO = "iphonesimulator iphoneos";
				INDEXING_SUPPORTED_PLATFORMS__YES = iphonesimulator;
				INDEX_DATA_STORE_DIR = "$(INDEX_DATA_STORE_DIR)";
				INDEX_DISABLE_SCRIPT_EXECUTION = YES;
				INDEX_IMPORT = "$(BAZEL_OUT)/darwin_arm64-opt-exec-2B5CBBC6/bin/external/rules_xcodeproj~1.6.0~non_module_deps~rules_xcodeproj_index_import/index-import";
				SUPPORTED_PLATFORMS = "$(INDEXING_SUPPORTED_PLATFORMS__$(INDEX_ENABLE_BUILD_ARENA))";
				SUPPORTS_MACCATALYST = YES;
				TARGET_IDS_FILE = "$(BAZEL_OUT)/darwin_arm64-dbg/bin/external/rules_xcodeproj~1.6.0~internal~rules_xcodeproj_generated/generator/xcodeproj/xcodeproj_target_ids";
				TARGET_NAME = BazelDependencies;
			};
			name = Debug;
		};
		22EE3A245712C9B40F511612 /* Debug */ = {
			isa = XCBuildConfiguration;
			buildSettings = {
				ARCHS = arm64;
				ASAN_OTHER_CFLAGS__ = "$(ASAN_OTHER_CFLAGS__NO)";
				ASAN_OTHER_CFLAGS__NO = "-working-directory=$(PROJECT_DIR) -ivfsoverlay $(OBJROOT)/bazel-out-overlay.yaml @$(DERIVED_FILE_DIR)/c.compile.params";
				ASAN_OTHER_CFLAGS__YES = (
					"$(ASAN_OTHER_CFLAGS__NO)",
					"-Wno-macro-redefined",
					"-D_FORTIFY_SOURCE=0",
				);
				BAZEL_LABEL = "@@//srcs/OCModule:oc_module";
				BAZEL_PACKAGE_BIN_DIR = "bazel-out/ios-sim_arm64-min13.0-applebin_ios-ios_sim_arm64-dbg-ST-9502b776c2bc/bin/srcs/OCModule";
				"BAZEL_PACKAGE_BIN_DIR[sdk=iphoneos*]" = "bazel-out/ios-arm64-min13.0-applebin_ios-ios_arm64-dbg-ST-d404b8004262/bin/srcs/OCModule";
				BAZEL_TARGET_ID = "@@//srcs/OCModule:oc_module ios-sim_arm64-min13.0-applebin_ios-ios_sim_arm64-dbg-ST-9502b776c2bc";
				"BAZEL_TARGET_ID[sdk=iphoneos*]" = "@@//srcs/OCModule:oc_module ios-arm64-min13.0-applebin_ios-ios_arm64-dbg-ST-d404b8004262";
				"BAZEL_TARGET_ID[sdk=iphonesimulator*]" = "$(BAZEL_TARGET_ID)";
				COMPILE_TARGET_NAME = oc_module;
				C_PARAMS_FILE = "$(CURRENT_EXECUTION_ROOT)/bazel-out/ios-sim_arm64-min13.0-applebin_ios-ios_sim_arm64-dbg-ST-9502b776c2bc/bin/srcs/OCModule/oc_module.rules_xcodeproj.c.compile.params";
				"C_PARAMS_FILE[sdk=iphoneos*]" = "$(CURRENT_EXECUTION_ROOT)/bazel-out/ios-arm64-min13.0-applebin_ios-ios_arm64-dbg-ST-d404b8004262/bin/srcs/OCModule/oc_module.rules_xcodeproj.c.compile.params";
				IPHONEOS_DEPLOYMENT_TARGET = 13.0;
				OTHER_CFLAGS = "$(ASAN_OTHER_CFLAGS__$(CLANG_ADDRESS_SANITIZER))";
				PRODUCT_MODULE_NAME = OCModule;
				PRODUCT_NAME = oc_module;
				SDKROOT = iphoneos;
				SUPPORTED_PLATFORMS = "iphonesimulator iphoneos";
				SUPPORTS_MAC_DESIGNED_FOR_IPHONE_IPAD = YES;
				TARGET_NAME = oc_module;
			};
			name = Debug;
		};
		3C973948FE8796D6BF561001 /* Debug */ = {
			isa = XCBuildConfiguration;
			buildSettings = {
				ARCHS = arm64;
				BAZEL_LABEL = "@@//srcs/SwiftModule:swift_module";
				BAZEL_PACKAGE_BIN_DIR = "bazel-out/ios-sim_arm64-min13.0-applebin_ios-ios_sim_arm64-dbg-ST-9502b776c2bc/bin/srcs/SwiftModule";
				"BAZEL_PACKAGE_BIN_DIR[sdk=iphoneos*]" = "bazel-out/ios-arm64-min13.0-applebin_ios-ios_arm64-dbg-ST-d404b8004262/bin/srcs/SwiftModule";
				BAZEL_TARGET_ID = "@@//srcs/SwiftModule:swift_module ios-sim_arm64-min13.0-applebin_ios-ios_sim_arm64-dbg-ST-9502b776c2bc";
				"BAZEL_TARGET_ID[sdk=iphoneos*]" = "@@//srcs/SwiftModule:swift_module ios-arm64-min13.0-applebin_ios-ios_arm64-dbg-ST-d404b8004262";
				"BAZEL_TARGET_ID[sdk=iphonesimulator*]" = "$(BAZEL_TARGET_ID)";
				COMPILE_TARGET_NAME = swift_module;
				ENABLE_TESTABILITY = YES;
				IPHONEOS_DEPLOYMENT_TARGET = 13.0;
				OTHER_SWIFT_FLAGS = "-Xcc -working-directory=$(PROJECT_DIR) -working-directory=$(PROJECT_DIR) -Xcc -ivfsoverlay -Xcc $(OBJROOT)/bazel-out-overlay.yaml -vfsoverlay $(OBJROOT)/bazel-out-overlay.yaml @$(DERIVED_FILE_DIR)/swift.compile.params";
				PRODUCT_MODULE_NAME = SwiftModule;
				PRODUCT_NAME = swift_module;
				SDKROOT = iphoneos;
				SUPPORTED_PLATFORMS = "iphonesimulator iphoneos";
				SUPPORTS_MAC_DESIGNED_FOR_IPHONE_IPAD = YES;
				SWIFT_OBJC_INTERFACE_HEADER_NAME = "swift_module-Swift.h";
				SWIFT_PARAMS_FILE = "$(CURRENT_EXECUTION_ROOT)/bazel-out/ios-sim_arm64-min13.0-applebin_ios-ios_sim_arm64-dbg-ST-9502b776c2bc/bin/srcs/SwiftModule/swift_module.rules_xcodeproj.swift.compile.params";
				"SWIFT_PARAMS_FILE[sdk=iphoneos*]" = "$(CURRENT_EXECUTION_ROOT)/bazel-out/ios-arm64-min13.0-applebin_ios-ios_arm64-dbg-ST-d404b8004262/bin/srcs/SwiftModule/swift_module.rules_xcodeproj.swift.compile.params";
				TARGET_NAME = swift_module;
			};
			name = Debug;
		};
		6A77036F789FD8FF79B21A89 /* Debug */ = {
			isa = XCBuildConfiguration;
			buildSettings = {
				ARCHS = arm64;
				BAZEL_LABEL = "@@//srcs/MixModule:mix_module.internal.swift";
				BAZEL_PACKAGE_BIN_DIR = "bazel-out/ios-sim_arm64-min13.0-applebin_ios-ios_sim_arm64-dbg-ST-9502b776c2bc/bin/srcs/MixModule";
				"BAZEL_PACKAGE_BIN_DIR[sdk=iphoneos*]" = "bazel-out/ios-arm64-min13.0-applebin_ios-ios_arm64-dbg-ST-d404b8004262/bin/srcs/MixModule";
				BAZEL_TARGET_ID = "@@//srcs/MixModule:mix_module.internal.swift ios-sim_arm64-min13.0-applebin_ios-ios_sim_arm64-dbg-ST-9502b776c2bc";
				"BAZEL_TARGET_ID[sdk=iphoneos*]" = "@@//srcs/MixModule:mix_module.internal.swift ios-arm64-min13.0-applebin_ios-ios_arm64-dbg-ST-d404b8004262";
				"BAZEL_TARGET_ID[sdk=iphonesimulator*]" = "$(BAZEL_TARGET_ID)";
				COMPILE_TARGET_NAME = mix_module.internal.swift;
				ENABLE_TESTABILITY = YES;
				IPHONEOS_DEPLOYMENT_TARGET = 13.0;
				OTHER_SWIFT_FLAGS = "-Xcc -working-directory=$(PROJECT_DIR) -working-directory=$(PROJECT_DIR) -Xcc -ivfsoverlay -Xcc $(OBJROOT)/bazel-out-overlay.yaml -vfsoverlay $(OBJROOT)/bazel-out-overlay.yaml @$(DERIVED_FILE_DIR)/swift.compile.params";
				PRODUCT_MODULE_NAME = MixModule;
				PRODUCT_NAME = mix_module.internal.swift;
				SDKROOT = iphoneos;
				SUPPORTED_PLATFORMS = "iphonesimulator iphoneos";
				SUPPORTS_MAC_DESIGNED_FOR_IPHONE_IPAD = YES;
				SWIFT_INCLUDE_PATHS = "bazel-out/ios-sim_arm64-min13.0-applebin_ios-ios_sim_arm64-dbg-ST-9502b776c2bc/bin/srcs/SwiftModule";
				"SWIFT_INCLUDE_PATHS[sdk=iphoneos*]" = "bazel-out/ios-arm64-min13.0-applebin_ios-ios_arm64-dbg-ST-d404b8004262/bin/srcs/SwiftModule";
				SWIFT_OBJC_INTERFACE_HEADER_NAME = "MixModule-Swift.h";
				SWIFT_PARAMS_FILE = "$(CURRENT_EXECUTION_ROOT)/bazel-out/ios-sim_arm64-min13.0-applebin_ios-ios_sim_arm64-dbg-ST-9502b776c2bc/bin/srcs/MixModule/mix_module.internal.swift.rules_xcodeproj.swift.compile.params";
				"SWIFT_PARAMS_FILE[sdk=iphoneos*]" = "$(CURRENT_EXECUTION_ROOT)/bazel-out/ios-arm64-min13.0-applebin_ios-ios_arm64-dbg-ST-d404b8004262/bin/srcs/MixModule/mix_module.internal.swift.rules_xcodeproj.swift.compile.params";
				TARGET_NAME = mix_module.internal.swift;
			};
			name = Debug;
		};
		8C46B859F66F40AAF8018BE7 /* Debug */ = {
			isa = XCBuildConfiguration;
			buildSettings = {
				ALWAYS_SEARCH_USER_PATHS = NO;
				BAZEL_CONFIG = rules_xcodeproj;
				BAZEL_EXTERNAL = "$(BAZEL_OUTPUT_BASE)/external";
				BAZEL_INTEGRATION_DIR = "$(INTERNAL_DIR)/bazel";
				BAZEL_LLDB_INIT = "$(HOME)/.lldbinit-rules_xcodeproj";
				BAZEL_OUT = "$(PROJECT_DIR)/bazel-out";
				BAZEL_OUTPUT_BASE = "$(_BAZEL_OUTPUT_BASE:standardizepath)";
				BAZEL_WORKSPACE_ROOT = "$(SRCROOT)";
				BUILD_DIR = "$(SYMROOT)/$(CONFIGURATION)$(EFFECTIVE_PLATFORM_NAME)";
				BUILD_WORKSPACE_DIRECTORY = "$(SRCROOT)";
				BUILT_PRODUCTS_DIR = "$(INDEXING_BUILT_PRODUCTS_DIR__$(INDEX_ENABLE_BUILD_ARENA))";
				CC = "$(BAZEL_INTEGRATION_DIR)/clang.sh";
				CLANG_ENABLE_OBJC_ARC = YES;
				CLANG_MODULES_AUTOLINK = NO;
				CODE_SIGNING_ALLOWED = NO;
				CONFIGURATION_BUILD_DIR = "$(BUILD_DIR)/$(BAZEL_PACKAGE_BIN_DIR)";
				COPY_PHASE_STRIP = NO;
				CURRENT_EXECUTION_ROOT = "$(INDEXING_PROJECT_DIR__$(INDEX_ENABLE_BUILD_ARENA))";
				CXX = "$(BAZEL_INTEGRATION_DIR)/clang.sh";
				DEBUG_INFORMATION_FORMAT = dwarf;
				DEPLOYMENT_LOCATION = "$(INDEXING_DEPLOYMENT_LOCATION__$(INDEX_ENABLE_BUILD_ARENA)),";
				DSTROOT = "$(PROJECT_TEMP_DIR)";
				ENABLE_DEFAULT_SEARCH_PATHS = NO;
				ENABLE_STRICT_OBJC_MSGSEND = YES;
				GCC_OPTIMIZATION_LEVEL = 0;
				INDEXING_BUILT_PRODUCTS_DIR__ = "$(INDEXING_BUILT_PRODUCTS_DIR__NO)";
				INDEXING_BUILT_PRODUCTS_DIR__NO = "$(BUILD_DIR)";
				INDEXING_BUILT_PRODUCTS_DIR__YES = "$(CONFIGURATION_BUILD_DIR)";
				INDEXING_DEPLOYMENT_LOCATION__ = "$(INDEXING_DEPLOYMENT_LOCATION__NO)";
				INDEXING_DEPLOYMENT_LOCATION__NO = YES;
				INDEXING_DEPLOYMENT_LOCATION__YES = NO;
				INDEXING_PROJECT_DIR__ = "$(INDEXING_PROJECT_DIR__NO)";
				INDEXING_PROJECT_DIR__NO = "$(PROJECT_DIR)";
				INDEXING_PROJECT_DIR__YES = /var/tmp/_bazel_olinone/64ecea5e8afafa392ec667dc6e1f069a/rules_xcodeproj.noindex/indexbuild_output_base/execroot/_main;
				INDEX_FORCE_SCRIPT_EXECUTION = YES;
				INSTALL_PATH = "$(BAZEL_PACKAGE_BIN_DIR)/$(TARGET_NAME)/bin";
				INTERNAL_DIR = "$(PROJECT_FILE_PATH)/rules_xcodeproj";
				LD = "$(BAZEL_INTEGRATION_DIR)/ld.sh";
				LDPLUSPLUS = "$(BAZEL_INTEGRATION_DIR)/ld.sh";
				LD_DYLIB_INSTALL_NAME = "";
				LD_OBJC_ABI_VERSION = "";
				LD_RUNPATH_SEARCH_PATHS = (
				);
				LIBTOOL = "$(BAZEL_INTEGRATION_DIR)/libtool.sh";
				ONLY_ACTIVE_ARCH = YES;
				RESOLVED_REPOSITORIES = "\"\" \"/Users/olinone/Desktop/HJBZLDemo\"";
				RULES_XCODEPROJ_BUILD_MODE = bazel;
				SCHEME_TARGET_IDS_FILE = "$(OBJROOT)/scheme_target_ids";
				SRCROOT = /Users/olinone/Desktop/HJBZLDemo;
				SUPPORTS_MACCATALYST = NO;
				SWIFT_EXEC = "$(BAZEL_INTEGRATION_DIR)/swiftc";
				SWIFT_OBJC_INTERFACE_HEADER_NAME = "";
				SWIFT_OPTIMIZATION_LEVEL = "-Onone";
				SWIFT_USE_INTEGRATED_DRIVER = NO;
				SWIFT_VERSION = 5.0;
				TARGET_TEMP_DIR = "$(PROJECT_TEMP_DIR)/$(BAZEL_PACKAGE_BIN_DIR)/$(COMPILE_TARGET_NAME)";
				USE_HEADERMAP = NO;
				VALIDATE_WORKSPACE = NO;
				_BAZEL_OUTPUT_BASE = "$(PROJECT_DIR)/../..";
			};
			name = Debug;
		};
		DD0F81B5C25CEAC29B1A5826 /* Debug */ = {
			isa = XCBuildConfiguration;
			buildSettings = {
				ARCHS = arm64;
				ASAN_OTHER_CFLAGS__ = "$(ASAN_OTHER_CFLAGS__NO)";
				ASAN_OTHER_CFLAGS__NO = "-working-directory=$(PROJECT_DIR) -ivfsoverlay $(OBJROOT)/bazel-out-overlay.yaml @$(DERIVED_FILE_DIR)/c.compile.params";
				ASAN_OTHER_CFLAGS__YES = (
					"$(ASAN_OTHER_CFLAGS__NO)",
					"-Wno-macro-redefined",
					"-D_FORTIFY_SOURCE=0",
				);
				BAZEL_LABEL = "@@//srcs/MixModule:mix_module";
				BAZEL_PACKAGE_BIN_DIR = "bazel-out/ios-sim_arm64-min13.0-applebin_ios-ios_sim_arm64-dbg-ST-9502b776c2bc/bin/srcs/MixModule";
				"BAZEL_PACKAGE_BIN_DIR[sdk=iphoneos*]" = "bazel-out/ios-arm64-min13.0-applebin_ios-ios_arm64-dbg-ST-d404b8004262/bin/srcs/MixModule";
				BAZEL_TARGET_ID = "@@//srcs/MixModule:mix_module ios-sim_arm64-min13.0-applebin_ios-ios_sim_arm64-dbg-ST-9502b776c2bc";
				"BAZEL_TARGET_ID[sdk=iphoneos*]" = "@@//srcs/MixModule:mix_module ios-arm64-min13.0-applebin_ios-ios_arm64-dbg-ST-d404b8004262";
				"BAZEL_TARGET_ID[sdk=iphonesimulator*]" = "$(BAZEL_TARGET_ID)";
				COMPILE_TARGET_NAME = mix_module;
				C_PARAMS_FILE = "$(CURRENT_EXECUTION_ROOT)/bazel-out/ios-sim_arm64-min13.0-applebin_ios-ios_sim_arm64-dbg-ST-9502b776c2bc/bin/srcs/MixModule/mix_module.rules_xcodeproj.c.compile.params";
				"C_PARAMS_FILE[sdk=iphoneos*]" = "$(CURRENT_EXECUTION_ROOT)/bazel-out/ios-arm64-min13.0-applebin_ios-ios_arm64-dbg-ST-d404b8004262/bin/srcs/MixModule/mix_module.rules_xcodeproj.c.compile.params";
				IPHONEOS_DEPLOYMENT_TARGET = 13.0;
				OTHER_CFLAGS = "$(ASAN_OTHER_CFLAGS__$(CLANG_ADDRESS_SANITIZER))";
				PRODUCT_NAME = mix_module;
				SDKROOT = iphoneos;
				SUPPORTED_PLATFORMS = "iphonesimulator iphoneos";
				SUPPORTS_MAC_DESIGNED_FOR_IPHONE_IPAD = YES;
				TARGET_NAME = mix_module;
			};
			name = Debug;
		};
		E94625DEED6FB36DCD0643D2 /* Debug */ = {
			isa = XCBuildConfiguration;
			buildSettings = {
				ARCHS = arm64;
				ASAN_OTHER_CFLAGS__ = "$(ASAN_OTHER_CFLAGS__NO)";
				ASAN_OTHER_CFLAGS__NO = "-working-directory=$(PROJECT_DIR) -ivfsoverlay $(OBJROOT)/bazel-out-overlay.yaml @$(DERIVED_FILE_DIR)/c.compile.params";
				ASAN_OTHER_CFLAGS__YES = (
					"$(ASAN_OTHER_CFLAGS__NO)",
					"-Wno-macro-redefined",
					"-D_FORTIFY_SOURCE=0",
				);
				BAZEL_COMPILE_TARGET_IDS = "@@//:app ios-sim_arm64-min13.0-applebin_ios-ios_sim_arm64-dbg-ST-9502b776c2bc";
				"BAZEL_COMPILE_TARGET_IDS[sdk=iphoneos*]" = "@@//:app ios-arm64-min13.0-applebin_ios-ios_arm64-dbg-ST-d404b8004262";
				"BAZEL_COMPILE_TARGET_IDS[sdk=iphonesimulator*]" = "$(BAZEL_COMPILE_TARGET_IDS)";
				BAZEL_LABEL = "@@//:HJBZLDemo";
				BAZEL_OUTPUTS_PRODUCT = "bazel-out/applebin_ios-ios_sim_arm64-dbg-ST-9502b776c2bc/bin/HJBZLDemo.app";
				"BAZEL_OUTPUTS_PRODUCT[sdk=iphoneos*]" = "bazel-out/applebin_ios-ios_arm64-dbg-ST-d404b8004262/bin/HJBZLDemo.app";
				BAZEL_PACKAGE_BIN_DIR = "bazel-out/applebin_ios-ios_sim_arm64-dbg-ST-9502b776c2bc/bin";
				"BAZEL_PACKAGE_BIN_DIR[sdk=iphoneos*]" = "bazel-out/applebin_ios-ios_arm64-dbg-ST-d404b8004262/bin";
				BAZEL_TARGET_ID = "@@//:HJBZLDemo applebin_ios-ios_sim_arm64-dbg-ST-9502b776c2bc";
				"BAZEL_TARGET_ID[sdk=iphoneos*]" = "@@//:HJBZLDemo applebin_ios-ios_arm64-dbg-ST-d404b8004262";
				"BAZEL_TARGET_ID[sdk=iphonesimulator*]" = "$(BAZEL_TARGET_ID)";
				BUILT_PRODUCTS_DIR = "$(CONFIGURATION_BUILD_DIR)";
				CODE_SIGN_STYLE = Manual;
				COMPILE_TARGET_NAME = app;
				C_PARAMS_FILE = "$(CURRENT_EXECUTION_ROOT)/bazel-out/ios-sim_arm64-min13.0-applebin_ios-ios_sim_arm64-dbg-ST-9502b776c2bc/bin/app.rules_xcodeproj.c.compile.params";
				"C_PARAMS_FILE[sdk=iphoneos*]" = "$(CURRENT_EXECUTION_ROOT)/bazel-out/ios-arm64-min13.0-applebin_ios-ios_arm64-dbg-ST-d404b8004262/bin/app.rules_xcodeproj.c.compile.params";
				DEPLOYMENT_LOCATION = NO;
				INFOPLIST_FILE = "$(BAZEL_OUT)/applebin_ios-ios_sim_arm64-dbg-ST-9502b776c2bc/bin/rules_xcodeproj/HJBZLDemo/Info.plist";
				"INFOPLIST_FILE[sdk=iphoneos*]" = "$(BAZEL_OUT)/applebin_ios-ios_arm64-dbg-ST-d404b8004262/bin/rules_xcodeproj/HJBZLDemo/Info.plist";
				IPHONEOS_DEPLOYMENT_TARGET = 13.0;
				LINK_PARAMS_FILE = "$(BAZEL_OUT)/darwin_arm64-dbg/bin/external/rules_xcodeproj~1.6.0~internal~rules_xcodeproj_generated/generator/xcodeproj/xcodeproj-params/HJBZLDemo.5.link.params";
				"LINK_PARAMS_FILE[sdk=iphoneos*]" = "$(BAZEL_OUT)/darwin_arm64-dbg/bin/external/rules_xcodeproj~1.6.0~internal~rules_xcodeproj_generated/generator/xcodeproj/xcodeproj-params/HJBZLDemo.11.link.params";
				OTHER_CFLAGS = "$(ASAN_OTHER_CFLAGS__$(CLANG_ADDRESS_SANITIZER))";
				OTHER_LDFLAGS = "@$(DERIVED_FILE_DIR)/link.params";
				PRODUCT_BUNDLE_IDENTIFIER = com.olinone.HJBZLDemo;
				PRODUCT_NAME = HJBZLDemo;
				SDKROOT = iphoneos;
				SUPPORTED_PLATFORMS = "iphonesimulator iphoneos";
				SUPPORTS_MAC_DESIGNED_FOR_IPHONE_IPAD = YES;
				TARGETED_DEVICE_FAMILY = 1;
				TARGET_NAME = HJBZLDemo;
			};
			name = Debug;
		};
/* End XCBuildConfiguration section */

/* Begin XCConfigurationList section */
		3B156789BFF2BE65D6A88F14 /* Build configuration list for PBXAggregateTarget "BazelDependencies" */ = {
			isa = XCConfigurationList;
			buildConfigurations = (
				22BC47AA4DCEC31F67C1EA7D /* Debug */,
			);
			defaultConfigurationIsVisible = 0;
			defaultConfigurationName = Debug;
		};
		3C3A1AD3B5FAC53FA6243111 /* Build configuration list for PBXNativeTarget "Masonry_library" */ = {
			isa = XCConfigurationList;
			buildConfigurations = (
				01AD73B63DE9C70C4DD624F5 /* Debug */,
			);
			defaultConfigurationIsVisible = 0;
			defaultConfigurationName = Debug;
		};
		57E4446538A7B33B0E348376 /* Build configuration list for PBXNativeTarget "swift_module" */ = {
			isa = XCConfigurationList;
			buildConfigurations = (
				3C973948FE8796D6BF561001 /* Debug */,
			);
			defaultConfigurationIsVisible = 0;
			defaultConfigurationName = Debug;
		};
		99C6170AF9B99878C6618C2F /* Build configuration list for PBXNativeTarget "mix_module.internal.swift" */ = {
			isa = XCConfigurationList;
			buildConfigurations = (
				6A77036F789FD8FF79B21A89 /* Debug */,
			);
			defaultConfigurationIsVisible = 0;
			defaultConfigurationName = Debug;
		};
		AFEE7706B9A05960AFA97E1F /* Build configuration list for PBXProject "HJBZLDemo" */ = {
			isa = XCConfigurationList;
			buildConfigurations = (
				8C46B859F66F40AAF8018BE7 /* Debug */,
			);
			defaultConfigurationIsVisible = 0;
			defaultConfigurationName = Debug;
		};
		CE8D784D32DDB85F1D36B501 /* Build configuration list for PBXNativeTarget "mix_module" */ = {
			isa = XCConfigurationList;
			buildConfigurations = (
				DD0F81B5C25CEAC29B1A5826 /* Debug */,
			);
			defaultConfigurationIsVisible = 0;
			defaultConfigurationName = Debug;
		};
		D156F593CCA4C1FAE7647D50 /* Build configuration list for PBXNativeTarget "HJBZLDemo" */ = {
			isa = XCConfigurationList;
			buildConfigurations = (
				E94625DEED6FB36DCD0643D2 /* Debug */,
			);
			defaultConfigurationIsVisible = 0;
			defaultConfigurationName = Debug;
		};
		FD4D0835BAA13C334E6935EE /* Build configuration list for PBXNativeTarget "oc_module" */ = {
			isa = XCConfigurationList;
			buildConfigurations = (
				22EE3A245712C9B40F511612 /* Debug */,
			);
			defaultConfigurationIsVisible = 0;
			defaultConfigurationName = Debug;
		};
/* End XCConfigurationList section */
	};
	rootObject = 885466CA0AD006535711CF5F /* Project object */;
}
